<?xml version="1.0" encoding="utf-8"?>
<Project ToolsVersion="4.0" xmlns="http://schemas.microsoft.com/developer/msbuild/2003">
  <ItemGroup>
    <Filter Include="Header Files">
      <UniqueIdentifier>{93995380-89BD-4b04-88EB-625FBE52EBFB}</UniqueIdentifier>
      <Extensions>h;hpp;hxx;hm;inl;inc;xsd</Extensions>
    </Filter>
    <Filter Include="Resource Files">
      <UniqueIdentifier>{67DA6AB6-F800-4c08-8B7A-83BB121AAD01}</UniqueIdentifier>
      <Extensions>rc;ico;cur;bmp;dlg;rc2;rct;bin;rgs;gif;jpg;jpeg;jpe;resx</Extensions>
    </Filter>
    <Filter Include="Source Files">
      <UniqueIdentifier>{4FC737F1-C7A5-4376-A066-2A32D752A2FF}</UniqueIdentifier>
      <Extensions>cpp;c;cxx;def;odl;idl;hpj;bat;asm;asmx</Extensions>
    </Filter>
  </ItemGroup>
  <ItemGroup>
    <ClCompile Include="AbstractFifo.cxx">
      <Filter>Source Files</Filter>
    </ClCompile>
    <ClCompile Include="BaseException.cxx">
      <Filter>Source Files</Filter>
    </ClCompile>
    <ClCompile Include="Coders.cxx">
      <Filter>Source Files</Filter>
    </ClCompile>
    <ClCompile Include="Condition.cxx">
      <Filter>Source Files</Filter>
    </ClCompile>
    <ClCompile Include="CountStream.cxx">
      <Filter>Source Files</Filter>
    </ClCompile>
    <ClCompile Include="Data.cxx">
      <Filter>Source Files</Filter>
    </ClCompile>
    <ClCompile Include="DataStream.cxx">
      <Filter>Source Files</Filter>
    </ClCompile>
    <ClCompile Include="DnsUtil.cxx">
      <Filter>Source Files</Filter>
    </ClCompile>
    <ClCompile Include="dns\AresDns.cxx">
      <Filter>Source Files</Filter>
    </ClCompile>
    <ClCompile Include="dns\DnsAAAARecord.cxx">
      <Filter>Source Files</Filter>
    </ClCompile>
    <ClCompile Include="dns\DnsCnameRecord.cxx">
      <Filter>Source Files</Filter>
    </ClCompile>
    <ClCompile Include="dns\DnsHostRecord.cxx">
      <Filter>Source Files</Filter>
    </ClCompile>
    <ClCompile Include="dns\DnsNaptrRecord.cxx">
      <Filter>Source Files</Filter>
    </ClCompile>
    <ClCompile Include="dns\DnsSrvRecord.cxx">
      <Filter>Source Files</Filter>
    </ClCompile>
    <ClCompile Include="dns\DnsStub.cxx">
      <Filter>Source Files</Filter>
    </ClCompile>
    <ClCompile Include="dns\ExternalDnsFactory.cxx">
      <Filter>Source Files</Filter>
    </ClCompile>
    <ClCompile Include="dns\LocalDns.cxx">
      <Filter>Source Files</Filter>
    </ClCompile>
    <ClCompile Include="dns\QueryTypes.cxx">
      <Filter>Source Files</Filter>
    </ClCompile>
    <ClCompile Include="dns\RRCache.cxx">
      <Filter>Source Files</Filter>
    </ClCompile>
    <ClCompile Include="dns\RRList.cxx">
      <Filter>Source Files</Filter>
    </ClCompile>
    <ClCompile Include="dns\RROverlay.cxx">
      <Filter>Source Files</Filter>
    </ClCompile>
    <ClCompile Include="dns\RRVip.cxx">
      <Filter>Source Files</Filter>
    </ClCompile>
    <ClCompile Include="FileSystem.cxx">
      <Filter>Source Files</Filter>
    </ClCompile>
    <ClCompile Include="HeapInstanceCounter.cxx">
      <Filter>Source Files</Filter>
    </ClCompile>
    <ClCompile Include="Lock.cxx">
      <Filter>Source Files</Filter>
    </ClCompile>
    <ClCompile Include="Log.cxx">
      <Filter>Source Files</Filter>
    </ClCompile>
    <ClCompile Include="MD5Stream.cxx">
      <Filter>Source Files</Filter>
    </ClCompile>
    <ClCompile Include="Mutex.cxx">
      <Filter>Source Files</Filter>
    </ClCompile>
    <ClCompile Include="ParseBuffer.cxx">
      <Filter>Source Files</Filter>
    </ClCompile>
    <ClCompile Include="ParseException.cxx">
      <Filter>Source Files</Filter>
    </ClCompile>
    <ClCompile Include="Poll.cxx">
      <Filter>Source Files</Filter>
    </ClCompile>
    <ClCompile Include="Random.cxx">
      <Filter>Source Files</Filter>
    </ClCompile>
    <ClCompile Include="RecursiveMutex.cxx">
      <Filter>Source Files</Filter>
    </ClCompile>
    <ClCompile Include="resipfaststreams.cxx">
      <Filter>Source Files</Filter>
    </ClCompile>
    <ClCompile Include="RWMutex.cxx">
      <Filter>Source Files</Filter>
    </ClCompile>
    <ClCompile Include="Socket.cxx">
      <Filter>Source Files</Filter>
    </ClCompile>
    <ClCompile Include="ssl\OpenSSLInit.cxx">
      <Filter>Source Files</Filter>
    </ClCompile>
    <ClCompile Include="ssl\SHA1Stream.cxx">
      <Filter>Source Files</Filter>
    </ClCompile>
    <ClCompile Include="stun\Stun.cxx">
      <Filter>Source Files</Filter>
    </ClCompile>
    <ClCompile Include="stun\Udp.cxx">
      <Filter>Source Files</Filter>
    </ClCompile>
    <ClCompile Include="Subsystem.cxx">
      <Filter>Source Files</Filter>
    </ClCompile>
    <ClCompile Include="SysLogBuf.cxx">
      <Filter>Source Files</Filter>
    </ClCompile>
    <ClCompile Include="SysLogStream.cxx">
      <Filter>Source Files</Filter>
    </ClCompile>
    <ClCompile Include="ThreadIf.cxx">
      <Filter>Source Files</Filter>
    </ClCompile>
    <ClCompile Include="Time.cxx">
      <Filter>Source Files</Filter>
    </ClCompile>
    <ClCompile Include="Timer.cxx">
      <Filter>Source Files</Filter>
    </ClCompile>
    <ClCompile Include="TransportType.cxx">
      <Filter>Source Files</Filter>
    </ClCompile>
    <ClCompile Include="vmd5.cxx">
      <Filter>Source Files</Filter>
    </ClCompile>
    <ClCompile Include="WinCompat.cxx">
      <Filter>Source Files</Filter>
    </ClCompile>
    <ClCompile Include="FdPoll.cxx">
      <Filter>Source Files</Filter>
    </ClCompile>
  </ItemGroup>
  <ItemGroup>
    <ClInclude Include="AbstractFifo.hxx">
      <Filter>Header Files</Filter>
    </ClInclude>
    <ClInclude Include="AsyncID.hxx">
      <Filter>Header Files</Filter>
    </ClInclude>
    <ClInclude Include="AsyncProcessHandler.hxx">
      <Filter>Header Files</Filter>
    </ClInclude>
    <ClInclude Include="BaseException.hxx">
      <Filter>Header Files</Filter>
    </ClInclude>
    <ClInclude Include="CircularBuffer.hxx">
      <Filter>Header Files</Filter>
    </ClInclude>
    <ClInclude Include="Coders.hxx">
      <Filter>Header Files</Filter>
    </ClInclude>
    <ClInclude Include="compat.hxx">
      <Filter>Header Files</Filter>
    </ClInclude>
    <ClInclude Include="Condition.hxx">
      <Filter>Header Files</Filter>
    </ClInclude>
    <ClInclude Include="CountStream.hxx">
      <Filter>Header Files</Filter>
    </ClInclude>
    <ClInclude Include="Data.hxx">
      <Filter>Header Files</Filter>
    </ClInclude>
    <ClInclude Include="DataStream.hxx">
      <Filter>Header Files</Filter>
    </ClInclude>
    <ClInclude Include="DnsUtil.hxx">
      <Filter>Header Files</Filter>
    </ClInclude>
    <ClInclude Include="dns\AresCompat.hxx">
      <Filter>Header Files</Filter>
    </ClInclude>
    <ClInclude Include="dns\AresDns.hxx">
      <Filter>Header Files</Filter>
    </ClInclude>
    <ClInclude Include="dns\DnsAAAARecord.hxx">
      <Filter>Header Files</Filter>
    </ClInclude>
    <ClInclude Include="dns\DnsCnameRecord.hxx">
      <Filter>Header Files</Filter>
    </ClInclude>
    <ClInclude Include="dns\DnsHandler.hxx">
      <Filter>Header Files</Filter>
    </ClInclude>
    <ClInclude Include="dns\DnsHostRecord.hxx">
      <Filter>Header Files</Filter>
    </ClInclude>
    <ClInclude Include="dns\DnsNaptrRecord.hxx">
      <Filter>Header Files</Filter>
    </ClInclude>
    <ClInclude Include="dns\DnsResourceRecord.hxx">
      <Filter>Header Files</Filter>
    </ClInclude>
    <ClInclude Include="dns\DnsSrvRecord.hxx">
      <Filter>Header Files</Filter>
    </ClInclude>
    <ClInclude Include="dns\DnsStub.hxx">
      <Filter>Header Files</Filter>
    </ClInclude>
    <ClInclude Include="dns\ExternalDns.hxx">
      <Filter>Header Files</Filter>
    </ClInclude>
    <ClInclude Include="dns\ExternalDnsFactory.hxx">
      <Filter>Header Files</Filter>
    </ClInclude>
    <ClInclude Include="dns\LocalDns.hxx">
      <Filter>Header Files</Filter>
    </ClInclude>
    <ClInclude Include="dns\QueryTypes.hxx">
      <Filter>Header Files</Filter>
    </ClInclude>
    <ClInclude Include="dns\RRCache.hxx">
      <Filter>Header Files</Filter>
    </ClInclude>
    <ClInclude Include="dns\RRFactory.hxx">
      <Filter>Header Files</Filter>
    </ClInclude>
    <ClInclude Include="dns\RRList.hxx">
      <Filter>Header Files</Filter>
    </ClInclude>
    <ClInclude Include="dns\RROverlay.hxx">
      <Filter>Header Files</Filter>
    </ClInclude>
    <ClInclude Include="dns\RRVip.hxx">
      <Filter>Header Files</Filter>
    </ClInclude>
    <ClInclude Include="Fifo.hxx">
      <Filter>Header Files</Filter>
    </ClInclude>
    <ClInclude Include="FileSystem.hxx">
      <Filter>Header Files</Filter>
    </ClInclude>
    <ClInclude Include="FiniteFifo.hxx">
      <Filter>Header Files</Filter>
    </ClInclude>
    <ClInclude Include="GenericIPAddress.hxx">
      <Filter>Header Files</Filter>
    </ClInclude>
    <ClInclude Include="HashMap.hxx">
      <Filter>Header Files</Filter>
    </ClInclude>
    <ClInclude Include="HeapInstanceCounter.hxx">
      <Filter>Header Files</Filter>
    </ClInclude>
    <ClInclude Include="Inserter.hxx">
      <Filter>Header Files</Filter>
    </ClInclude>
    <ClInclude Include="IntrusiveListElement.hxx">
      <Filter>Header Files</Filter>
    </ClInclude>
    <ClInclude Include="Lock.hxx">
      <Filter>Header Files</Filter>
    </ClInclude>
    <ClInclude Include="Lockable.hxx">
      <Filter>Header Files</Filter>
    </ClInclude>
    <ClInclude Include="Log.hxx">
      <Filter>Header Files</Filter>
    </ClInclude>
    <ClInclude Include="Logger.hxx">
      <Filter>Header Files</Filter>
    </ClInclude>
    <ClInclude Include="MD5Stream.hxx">
      <Filter>Header Files</Filter>
    </ClInclude>
    <ClInclude Include="Mutex.hxx">
      <Filter>Header Files</Filter>
    </ClInclude>
    <ClInclude Include="ParseBuffer.hxx">
      <Filter>Header Files</Filter>
    </ClInclude>
    <ClInclude Include="ParseException.hxx">
      <Filter>Header Files</Filter>
    </ClInclude>
    <ClInclude Include="Poll.hxx">
      <Filter>Header Files</Filter>
    </ClInclude>
    <ClInclude Include="Random.hxx">
      <Filter>Header Files</Filter>
    </ClInclude>
    <ClInclude Include="RecursiveMutex.hxx">
      <Filter>Header Files</Filter>
    </ClInclude>
    <ClInclude Include="resipfaststreams.hxx">
      <Filter>Header Files</Filter>
    </ClInclude>
    <ClInclude Include="RWMutex.hxx">
      <Filter>Header Files</Filter>
    </ClInclude>
    <ClInclude Include="SharedCount.hxx">
      <Filter>Header Files</Filter>
    </ClInclude>
    <ClInclude Include="SharedPtr.hxx">
      <Filter>Header Files</Filter>
    </ClInclude>
    <ClInclude Include="Socket.hxx">
      <Filter>Header Files</Filter>
    </ClInclude>
    <ClInclude Include="ssl\OpenSSLInit.hxx">
      <Filter>Header Files</Filter>
    </ClInclude>
    <ClInclude Include="ssl\SHA1Stream.hxx">
      <Filter>Header Files</Filter>
    </ClInclude>
    <ClInclude Include="stun\Stun.hxx">
      <Filter>Header Files</Filter>
    </ClInclude>
    <ClInclude Include="stun\Udp.hxx">
      <Filter>Header Files</Filter>
    </ClInclude>
    <ClInclude Include="Subsystem.hxx">
      <Filter>Header Files</Filter>
    </ClInclude>
    <ClInclude Include="SysLogBuf.hxx">
      <Filter>Header Files</Filter>
    </ClInclude>
    <ClInclude Include="SysLogStream.hxx">
      <Filter>Header Files</Filter>
    </ClInclude>
    <ClInclude Include="ThreadIf.hxx">
      <Filter>Header Files</Filter>
    </ClInclude>
    <ClInclude Include="Time.hxx">
      <Filter>Header Files</Filter>
    </ClInclude>
    <ClInclude Include="TimeLimitFifo.hxx">
      <Filter>Header Files</Filter>
    </ClInclude>
    <ClInclude Include="Timer.hxx">
      <Filter>Header Files</Filter>
    </ClInclude>
    <ClInclude Include="TransportType.hxx">
      <Filter>Header Files</Filter>
    </ClInclude>
    <ClInclude Include="vmd5.hxx">
      <Filter>Header Files</Filter>
    </ClInclude>
    <ClInclude Include="vthread.hxx">
      <Filter>Header Files</Filter>
    </ClInclude>
    <ClInclude Include="WinCompat.hxx">
      <Filter>Header Files</Filter>
    </ClInclude>
    <ClInclude Include="WinLeakCheck.hxx">
      <Filter>Header Files</Filter>
    </ClInclude>
    <ClInclude Include="FdPoll.hxx">
      <Filter>Header Files</Filter>
    </ClInclude>
  </ItemGroup>
  <ItemGroup>
    <None Include="ReadMe.txt" />
  </ItemGroup>
</Project>