<?xml version="1.0" encoding="utf-8"?>
<Project ToolsVersion="4.0" xmlns="http://schemas.microsoft.com/developer/msbuild/2003">
  <ItemGroup>
    <ClCompile Include="AbstractFifo.cxx" />
    <ClCompile Include="dns\AresDns.cxx" />
    <ClCompile Include="BaseException.cxx" />
    <ClCompile Include="Coders.cxx" />
    <ClCompile Include="Condition.cxx" />
    <ClCompile Include="ConfigParse.cxx" />
    <ClCompile Include="CountStream.cxx" />
    <ClCompile Include="Data.cxx" />
    <ClCompile Include="DataStream.cxx" />
    <ClCompile Include="dns\DnsAAAARecord.cxx" />
    <ClCompile Include="dns\DnsCnameRecord.cxx" />
    <ClCompile Include="dns\DnsHostRecord.cxx" />
    <ClCompile Include="dns\DnsNaptrRecord.cxx" />
    <ClCompile Include="dns\DnsSrvRecord.cxx" />
    <ClCompile Include="dns\DnsStub.cxx" />
    <ClCompile Include="dns\DnsThread.cxx" />
    <ClCompile Include="DnsUtil.cxx" />
    <ClCompile Include="dns\ExternalDnsFactory.cxx" />
    <ClCompile Include="FdPoll.cxx" />
    <ClCompile Include="FileSystem.cxx" />
    <ClCompile Include="GeneralCongestionManager.cxx" />
    <ClCompile Include="HeapInstanceCounter.cxx" />
    <ClCompile Include="KeyValueStore.cxx" />
    <ClCompile Include="dns\LocalDns.cxx" />
    <ClCompile Include="Lock.cxx" />
    <ClCompile Include="Log.cxx" />
    <ClCompile Include="MD5Stream.cxx" />
    <ClCompile Include="Mutex.cxx" />
    <ClCompile Include="ssl\OpenSSLInit.cxx" />
    <ClCompile Include="ParseBuffer.cxx" />
    <ClCompile Include="ParseException.cxx" />
    <ClCompile Include="Poll.cxx" />
    <ClCompile Include="PoolBase.cxx" />
    <ClCompile Include="dns\QueryTypes.cxx" />
    <ClCompile Include="Random.cxx" />
    <ClCompile Include="RecursiveMutex.cxx" />
    <ClCompile Include="resipfaststreams.cxx" />
    <ClCompile Include="dns\RRCache.cxx" />
    <ClCompile Include="dns\RRList.cxx" />
    <ClCompile Include="dns\RROverlay.cxx" />
    <ClCompile Include="dns\RRVip.cxx" />
    <ClCompile Include="RWMutex.cxx" />
    <ClCompile Include="SelectInterruptor.cxx" />
    <ClCompile Include="ServerProcess.cxx" />
    <ClCompile Include="Sha1.cxx" />
    <ClCompile Include="ssl\SHA1Stream.cxx" />
    <ClCompile Include="Socket.cxx" />
    <ClCompile Include="stun\Stun.cxx" />
    <ClCompile Include="Subsystem.cxx" />
    <ClCompile Include="SysLogBuf.cxx" />
    <ClCompile Include="SysLogStream.cxx" />
    <ClCompile Include="ThreadIf.cxx" />
    <ClCompile Include="Time.cxx" />
    <ClCompile Include="Timer.cxx" />
    <ClCompile Include="TransportType.cxx" />
    <ClCompile Include="stun\Udp.cxx" />
    <ClCompile Include="vmd5.cxx" />
    <ClCompile Include="WinCompat.cxx" />
    <ClCompile Include="XMLCursor.cxx" />
  </ItemGroup>
  <ItemGroup>
    <ClInclude Include="XMLCursor.hxx" />
    <ClInclude Include="AbstractFifo.hxx" />
    <ClInclude Include="dns\AresCompat.hxx" />
    <ClInclude Include="dns\AresDns.hxx" />
    <ClInclude Include="AsyncID.hxx" />
    <ClInclude Include="AsyncProcessHandler.hxx" />
    <ClInclude Include="BaseException.hxx" />
    <ClInclude Include="CircularBuffer.hxx" />
    <ClInclude Include="Coders.hxx" />
    <ClInclude Include="compat.hxx" />
    <ClInclude Include="Condition.hxx" />
    <ClInclude Include="ConfigParse.hxx" />
    <ClInclude Include="CongestionManager.hxx" />
    <ClInclude Include="ConsumerFifoBuffer.hxx" />
    <ClInclude Include="CountStream.hxx" />
    <ClInclude Include="Data.hxx" />
    <ClInclude Include="DataStream.hxx" />
    <ClInclude Include="DinkyPool.hxx" />
    <ClInclude Include="dns\DnsAAAARecord.hxx" />
    <ClInclude Include="dns\DnsCnameRecord.hxx" />
    <ClInclude Include="dns\DnsHandler.hxx" />
    <ClInclude Include="dns\DnsHostRecord.hxx" />
    <ClInclude Include="dns\DnsNaptrRecord.hxx" />
    <ClInclude Include="dns\DnsResourceRecord.hxx" />
    <ClInclude Include="dns\DnsSrvRecord.hxx" />
    <ClInclude Include="dns\DnsStub.hxx" />
    <ClInclude Include="dns\DnsThread.hxx" />
    <ClInclude Include="DnsUtil.hxx" />
    <ClInclude Include="dns\ExternalDns.hxx" />
    <ClInclude Include="dns\ExternalDnsFactory.hxx" />
    <ClInclude Include="FdPoll.hxx" />
    <ClInclude Include="FdSetIOObserver.hxx" />
    <ClInclude Include="Fifo.hxx" />
    <ClInclude Include="FileSystem.hxx" />
    <ClInclude Include="FiniteFifo.hxx" />
    <ClInclude Include="GeneralCongestionManager.hxx" />
    <ClInclude Include="GenericIPAddress.hxx" />
    <ClInclude Include="HashMap.hxx" />
    <ClInclude Include="HeapInstanceCounter.hxx" />
    <ClInclude Include="Inserter.hxx" />
    <ClInclude Include="IntrusiveListElement.hxx" />
    <ClInclude Include="KeyValueStore.hxx" />
    <ClInclude Include="dns\LocalDns.hxx" />
    <ClInclude Include="Lock.hxx" />
    <ClInclude Include="Lockable.hxx" />
    <ClInclude Include="Log.hxx" />
    <ClInclude Include="Logger.hxx" />
    <ClInclude Include="MD5Stream.hxx" />
    <ClInclude Include="Mutex.hxx" />
    <ClInclude Include="ssl\OpenSSLInit.hxx" />
    <ClInclude Include="ParseBuffer.hxx" />
    <ClInclude Include="ParseException.hxx" />
    <ClInclude Include="Poll.hxx" />
    <ClInclude Include="PoolBase.hxx" />
    <ClInclude Include="ProducerFifoBuffer.hxx" />
    <ClInclude Include="dns\QueryTypes.hxx" />
    <ClInclude Include="Random.hxx" />
    <ClInclude Include="RecursiveMutex.hxx" />
    <ClInclude Include="resipfaststreams.hxx" />
    <ClInclude Include="dns\RRCache.hxx" />
    <ClInclude Include="dns\RRFactory.hxx" />
    <ClInclude Include="dns\RRList.hxx" />
    <ClInclude Include="dns\RROverlay.hxx" />
    <ClInclude Include="dns\RRVip.hxx" />
    <ClInclude Include="RWMutex.hxx" />
    <ClInclude Include="SelectInterruptor.hxx" />
    <ClInclude Include="ServerProcess.hxx" />
    <ClInclude Include="Sha1.hxx" />
    <ClInclude Include="ssl\SHA1Stream.hxx" />
    <ClInclude Include="SharedCount.hxx" />
    <ClInclude Include="SharedPtr.hxx" />
    <ClInclude Include="Socket.hxx" />
    <ClInclude Include="StlPoolAllocator.hxx" />
    <ClInclude Include="stun\Stun.hxx" />
    <ClInclude Include="Subsystem.hxx" />
    <ClInclude Include="SysLogBuf.hxx" />
    <ClInclude Include="SysLogStream.hxx" />
    <ClInclude Include="ThreadIf.hxx" />
    <ClInclude Include="Time.hxx" />
    <ClInclude Include="TimeLimitFifo.hxx" />
    <ClInclude Include="Timer.hxx" />
    <ClInclude Include="TransportType.hxx" />
    <ClInclude Include="stun\Udp.hxx" />
    <ClInclude Include="vmd5.hxx" />
    <ClInclude Include="vthread.hxx" />
    <ClInclude Include="WinCompat.hxx" />
    <ClInclude Include="WinLeakCheck.hxx" />
    <ClInclude Include="ResipAssert.h" />
  </ItemGroup>
</Project>
