<?xml version="1.0" encoding="utf-8"?>
<Project ToolsVersion="4.0" xmlns="http://schemas.microsoft.com/developer/msbuild/2003">
  <ItemGroup>
    <Filter Include="Source Files">
      <UniqueIdentifier>{4FC737F1-C7A5-4376-A066-2A32D752A2FF}</UniqueIdentifier>
      <Extensions>cpp;c;cxx;def;odl;idl;hpj;bat;asm;asmx</Extensions>
    </Filter>
    <Filter Include="Header Files">
      <UniqueIdentifier>{93995380-89BD-4b04-88EB-625FBE52EBFB}</UniqueIdentifier>
      <Extensions>h;hpp;hxx;hm;inl;inc;xsd</Extensions>
    </Filter>
    <Filter Include="Resource Files">
      <UniqueIdentifier>{67DA6AB6-F800-4c08-8B7A-83BB121AAD01}</UniqueIdentifier>
      <Extensions>rc;ico;cur;bmp;dlg;rc2;rct;bin;rgs;gif;jpg;jpeg;jpe;resx</Extensions>
    </Filter>
  </ItemGroup>
  <ItemGroup>
    <ClCompile Include="dtls_wrapper\bf_dwrap.c">
      <Filter>Source Files</Filter>
    </ClCompile>
    <ClCompile Include="dtls_wrapper\DtlsFactory.cxx">
      <Filter>Source Files</Filter>
    </ClCompile>
    <ClCompile Include="dtls_wrapper\DtlsSocket.cxx">
      <Filter>Source Files</Filter>
    </ClCompile>
    <ClCompile Include="dtls_wrapper\DtlsTimer.cxx">
      <Filter>Source Files</Filter>
    </ClCompile>
    <ClCompile Include="FakeSelectSocketDescriptor.cxx">
      <Filter>Source Files</Filter>
    </ClCompile>
    <ClCompile Include="Flow.cxx">
      <Filter>Source Files</Filter>
    </ClCompile>
    <ClCompile Include="FlowDtlsSocketContext.cxx">
      <Filter>Source Files</Filter>
    </ClCompile>
    <ClCompile Include="FlowDtlsTimerContext.cxx">
      <Filter>Source Files</Filter>
    </ClCompile>
    <ClCompile Include="FlowManager.cxx">
      <Filter>Source Files</Filter>
    </ClCompile>
    <ClCompile Include="FlowManagerSubsystem.cxx">
      <Filter>Source Files</Filter>
    </ClCompile>
    <ClCompile Include="MediaStream.cxx">
      <Filter>Source Files</Filter>
    </ClCompile>
  </ItemGroup>
  <ItemGroup>
    <ClInclude Include="dtls_wrapper\bf_dwrap.h">
      <Filter>Header Files</Filter>
    </ClInclude>
    <ClInclude Include="dtls_wrapper\DtlsFactory.hxx">
      <Filter>Header Files</Filter>
    </ClInclude>
    <ClInclude Include="dtls_wrapper\DtlsSocket.hxx">
      <Filter>Header Files</Filter>
    </ClInclude>
    <ClInclude Include="dtls_wrapper\DtlsTimer.hxx">
      <Filter>Header Files</Filter>
    </ClInclude>
    <ClInclude Include="ErrorCode.hxx">
      <Filter>Header Files</Filter>
    </ClInclude>
    <ClInclude Include="FakeSelectSocketDescriptor.hxx">
      <Filter>Header Files</Filter>
    </ClInclude>
    <ClInclude Include="Flow.hxx">
      <Filter>Header Files</Filter>
    </ClInclude>
    <ClInclude Include="FlowDtlsSocketContext.hxx">
      <Filter>Header Files</Filter>
    </ClInclude>
    <ClInclude Include="FlowDtlsTimerContext.hxx">
      <Filter>Header Files</Filter>
    </ClInclude>
    <ClInclude Include="FlowManager.hxx">
      <Filter>Header Files</Filter>
    </ClInclude>
    <ClInclude Include="FlowManagerException.hxx">
      <Filter>Header Files</Filter>
    </ClInclude>
    <ClInclude Include="FlowManagerSubsystem.hxx">
      <Filter>Header Files</Filter>
    </ClInclude>
    <ClInclude Include="MediaStream.hxx">
      <Filter>Header Files</Filter>
    </ClInclude>
  </ItemGroup>
  <ItemGroup>
    <None Include="ReadMe.txt" />
  </ItemGroup>
</Project>