Microsoft Visual Studio Solution File, Format Version 8.00
Project("{8BC9CEB8-8B4A-11D0-8D11-00A0C91BC942}") = "rutil", "..\rutil\rutil_7_1.vcproj", "{3D0E5CEB-93DC-4FDB-918B-D08FA369E106}"
	ProjectSection(ProjectDependencies) = postProject
	EndProjectSection
EndProject
Project("{8BC9CEB8-8B4A-11D0-8D11-00A0C91BC942}") = "reTurnServer", "reTurnServer_7_1.vcproj", "{EFA91988-1A0C-4739-9FF1-7471E933515C}"
	ProjectSection(ProjectDependencies) = postProject
		{CE7CF5E0-CAD1-49D6-95D1-143DED7B226E} = {CE7CF5E0-CAD1-49D6-95D1-143DED7B226E}
		{3D0E5CEB-93DC-4FDB-918B-D08FA369E106} = {3D0E5CEB-93DC-4FDB-918B-D08FA369E106}
	EndProjectSection
EndProject
Project("{8BC9CEB8-8B4A-11D0-8D11-00A0C91BC942}") = "reTurnClient", "client\reTurnClient_7_1.vcproj", "{67B5906C-5C9D-4D09-AC7E-AF71D72175F8}"
	ProjectSection(ProjectDependencies) = postProject
	EndProjectSection
EndProject
Project("{8BC9CEB8-8B4A-11D0-8D11-00A0C91BC942}") = "ares", "..\contrib\ares\ares_7_1.vcproj", "{CE7CF5E0-CAD1-49D6-95D1-143DED7B226E}"
	ProjectSection(ProjectDependencies) = postProject
	EndProjectSection
EndProject
Project("{8BC9CEB8-8B4A-11D0-8D11-00A0C91BC942}") = "TestClient", "client\test\TestClient_7_1.vcproj", "{73151749-13F0-4093-97F1-A6952ECECDBF}"
	ProjectSection(ProjectDependencies) = postProject
		{67B5906C-5C9D-4D09-AC7E-AF71D72175F8} = {67B5906C-5C9D-4D09-AC7E-AF71D72175F8}
		{CE7CF5E0-CAD1-49D6-95D1-143DED7B226E} = {CE7CF5E0-CAD1-49D6-95D1-143DED7B226E}
		{3D0E5CEB-93DC-4FDB-918B-D08FA369E106} = {3D0E5CEB-93DC-4FDB-918B-D08FA369E106}
	EndProjectSection
EndProject
Project("{8BC9CEB8-8B4A-11D0-8D11-00A0C91BC942}") = "TestAsyncClient", "client\test\TestAsyncClient_7_1.vcproj", "{73151749-13F0-4093-97F1-A6952ECECDCF}"
	ProjectSection(ProjectDependencies) = postProject
		{67B5906C-5C9D-4D09-AC7E-AF71D72175F8} = {67B5906C-5C9D-4D09-AC7E-AF71D72175F8}
		{CE7CF5E0-CAD1-49D6-95D1-143DED7B226E} = {CE7CF5E0-CAD1-49D6-95D1-143DED7B226E}
		{3D0E5CEB-93DC-4FDB-918B-D08FA369E106} = {3D0E5CEB-93DC-4FDB-918B-D08FA369E106}
	EndProjectSection
EndProject
Global
	GlobalSection(SolutionConfiguration) = preSolution
		Debug = Debug
		Release = Release
	EndGlobalSection
	GlobalSection(ProjectDependencies) = postSolution
	EndGlobalSection
	GlobalSection(ProjectConfiguration) = postSolution
		{3D0E5CEB-93DC-4FDB-918B-D08FA369E106}.Debug.ActiveCfg = SSL-Debug|Win32
		{3D0E5CEB-93DC-4FDB-918B-D08FA369E106}.Debug.Build.0 = SSL-Debug|Win32
		{3D0E5CEB-93DC-4FDB-918B-D08FA369E106}.Release.ActiveCfg = SSL-Release|Win32
		{EFA91988-1A0C-4739-9FF1-7471E933515C}.Debug.ActiveCfg = Debug|Win32
		{EFA91988-1A0C-4739-9FF1-7471E933515C}.Debug.Build.0 = Debug|Win32
		{EFA91988-1A0C-4739-9FF1-7471E933515C}.Release.ActiveCfg = Release|Win32
		{EFA91988-1A0C-4739-9FF1-7471E933515C}.Release.Build.0 = Release|Win32
		{67B5906C-5C9D-4D09-AC7E-AF71D72175F8}.Debug.ActiveCfg = Debug|Win32
		{67B5906C-5C9D-4D09-AC7E-AF71D72175F8}.Debug.Build.0 = Debug|Win32
		{67B5906C-5C9D-4D09-AC7E-AF71D72175F8}.Release.ActiveCfg = Release|Win32
		{67B5906C-5C9D-4D09-AC7E-AF71D72175F8}.Release.Build.0 = Release|Win32
		{CE7CF5E0-CAD1-49D6-95D1-143DED7B226E}.Debug.ActiveCfg = Debug|Win32
		{CE7CF5E0-CAD1-49D6-95D1-143DED7B226E}.Debug.Build.0 = Debug|Win32
		{CE7CF5E0-CAD1-49D6-95D1-143DED7B226E}.Release.ActiveCfg = Release|Win32
		{CE7CF5E0-CAD1-49D6-95D1-143DED7B226E}.Release.Build.0 = Release|Win32
		{73151749-13F0-4093-97F1-A6952ECECDBF}.Debug.ActiveCfg = Debug|Win32
		{73151749-13F0-4093-97F1-A6952ECECDBF}.Debug.Build.0 = Debug|Win32
		{73151749-13F0-4093-97F1-A6952ECECDBF}.Release.ActiveCfg = Release|Win32
		{73151749-13F0-4093-97F1-A6952ECECDBF}.Release.Build.0 = Release|Win32
		{73151749-13F0-4093-97F1-A6952ECECDCF}.Debug.ActiveCfg = Debug|Win32
		{73151749-13F0-4093-97F1-A6952ECECDCF}.Debug.Build.0 = Debug|Win32
		{73151749-13F0-4093-97F1-A6952ECECDCF}.Release.ActiveCfg = Release|Win32
		{73151749-13F0-4093-97F1-A6952ECECDCF}.Release.Build.0 = Release|Win32
	EndGlobalSection
	GlobalSection(ExtensibilityGlobals) = postSolution
	EndGlobalSection
	GlobalSection(ExtensibilityAddIns) = postSolution
	EndGlobalSection
EndGlobal
