Microsoft Visual Studio Solution File, Format Version 11.00
# Visual Studio 2010
Project("{8BC9CEB8-8B4A-11D0-8D11-00A0C91BC942}") = "rutil", "..\rutil\rutil_10_0.vcxproj", "{3D0E5CEB-93DC-4FDB-918B-D08FA369E106}"
EndProject
Project("{8BC9CEB8-8B4A-11D0-8D11-00A0C91BC942}") = "reTurnServer", "reTurnServer_10_0.vcxproj", "{EFA91988-1A0C-4739-9FF1-7471E933515C}"
	ProjectSection(ProjectDependencies) = postProject
		{3D0E5CEB-93DC-4FDB-918B-D08FA369E106} = {3D0E5CEB-93DC-4FDB-918B-D08FA369E106}
	EndProjectSection
EndProject
Project("{8BC9CEB8-8B4A-11D0-8D11-00A0C91BC942}") = "reTurnClient", "client\reTurnClient_10_0.vcxproj", "{67B5906C-5C9D-4D09-AC7E-AF71D72175F8}"
EndProject
Project("{8BC9CEB8-8B4A-11D0-8D11-00A0C91BC942}") = "ares", "..\rutil\dns\ares\ares_10_0.vcxproj", "{CE7CF5E0-CAD1-49D6-95D1-143DED7B226E}"
EndProject
Project("{8BC9CEB8-8B4A-11D0-8D11-00A0C91BC942}") = "TestClient", "client\test\TestClient_10_0.vcxproj", "{73151749-13F0-4093-97F1-A6952ECECDBF}"
	ProjectSection(ProjectDependencies) = postProject
		{3D0E5CEB-93DC-4FDB-918B-D08FA369E106} = {3D0E5CEB-93DC-4FDB-918B-D08FA369E106}
	EndProjectSection
EndProject
Project("{8BC9CEB8-8B4A-11D0-8D11-00A0C91BC942}") = "TestAsyncClient", "client\test\TestAsyncClient_10_0.vcxproj", "{73151749-13F0-4093-97F1-A6952ECECDCF}"
	ProjectSection(ProjectDependencies) = postProject
		{3D0E5CEB-93DC-4FDB-918B-D08FA369E106} = {3D0E5CEB-93DC-4FDB-918B-D08FA369E106}
	EndProjectSection
EndProject
Project("{8BC9CEB8-8B4A-11D0-8D11-00A0C91BC942}") = "stunTestVectors", "test\stunTestVectors_10_0.vcxproj", "{73151749-13F0-4093-97F1-B6952ECECDCF}"
	ProjectSection(ProjectDependencies) = postProject
		{3D0E5CEB-93DC-4FDB-918B-D08FA369E106} = {3D0E5CEB-93DC-4FDB-918B-D08FA369E106}
	EndProjectSection
EndProject
Project("{2150E333-8FDC-42A3-9474-1A3956D46DE8}") = "Solution Items", "Solution Items", "{7139E3F6-F92A-45D3-B4A1-A0F1573F2363}"
	ProjectSection(SolutionItems) = preProject
		..\VisualStudioReadme.htm = ..\VisualStudioReadme.htm
	EndProjectSection
EndProject
Project("{8BC9CEB8-8B4A-11D0-8D11-00A0C91BC942}") = "TestRTPLoad", "client\test\TestRTPLoad_10_0.vcxproj", "{73151749-13F0-4093-97F1-A6952E876543}"
EndProject
Global
	GlobalSection(SolutionConfigurationPlatforms) = preSolution
		Debug|Win32 = Debug|Win32
		Debug|x64 = Debug|x64
		Release|Win32 = Release|Win32
		Release|x64 = Release|x64
		SSL-Debug|Win32 = SSL-Debug|Win32
		SSL-Debug|x64 = SSL-Debug|x64
		SSL-Release|Win32 = SSL-Release|Win32
		SSL-Release|x64 = SSL-Release|x64
	EndGlobalSection
	GlobalSection(ProjectConfigurationPlatforms) = postSolution
		{3D0E5CEB-93DC-4FDB-918B-D08FA369E106}.Debug|Win32.ActiveCfg = Debug|Win32
		{3D0E5CEB-93DC-4FDB-918B-D08FA369E106}.Debug|Win32.Build.0 = Debug|Win32
		{3D0E5CEB-93DC-4FDB-918B-D08FA369E106}.Debug|x64.ActiveCfg = Debug|x64
		{3D0E5CEB-93DC-4FDB-918B-D08FA369E106}.Debug|x64.Build.0 = Debug|x64
		{3D0E5CEB-93DC-4FDB-918B-D08FA369E106}.Release|Win32.ActiveCfg = Release|Win32
		{3D0E5CEB-93DC-4FDB-918B-D08FA369E106}.Release|Win32.Build.0 = Release|Win32
		{3D0E5CEB-93DC-4FDB-918B-D08FA369E106}.Release|x64.ActiveCfg = Release|x64
		{3D0E5CEB-93DC-4FDB-918B-D08FA369E106}.Release|x64.Build.0 = Release|x64
		{3D0E5CEB-93DC-4FDB-918B-D08FA369E106}.SSL-Debug|Win32.ActiveCfg = SSL-Debug|Win32
		{3D0E5CEB-93DC-4FDB-918B-D08FA369E106}.SSL-Debug|Win32.Build.0 = SSL-Debug|Win32
		{3D0E5CEB-93DC-4FDB-918B-D08FA369E106}.SSL-Debug|x64.ActiveCfg = SSL-Debug|x64
		{3D0E5CEB-93DC-4FDB-918B-D08FA369E106}.SSL-Debug|x64.Build.0 = SSL-Debug|x64
		{3D0E5CEB-93DC-4FDB-918B-D08FA369E106}.SSL-Release|Win32.ActiveCfg = SSL-Release|Win32
		{3D0E5CEB-93DC-4FDB-918B-D08FA369E106}.SSL-Release|Win32.Build.0 = SSL-Release|Win32
		{3D0E5CEB-93DC-4FDB-918B-D08FA369E106}.SSL-Release|x64.ActiveCfg = SSL-Release|x64
		{3D0E5CEB-93DC-4FDB-918B-D08FA369E106}.SSL-Release|x64.Build.0 = SSL-Release|x64
		{EFA91988-1A0C-4739-9FF1-7471E933515C}.Debug|Win32.ActiveCfg = Debug|Win32
		{EFA91988-1A0C-4739-9FF1-7471E933515C}.Debug|Win32.Build.0 = Debug|Win32
		{EFA91988-1A0C-4739-9FF1-7471E933515C}.Debug|x64.ActiveCfg = Debug|x64
		{EFA91988-1A0C-4739-9FF1-7471E933515C}.Debug|x64.Build.0 = Debug|x64
		{EFA91988-1A0C-4739-9FF1-7471E933515C}.Release|Win32.ActiveCfg = Release|Win32
		{EFA91988-1A0C-4739-9FF1-7471E933515C}.Release|Win32.Build.0 = Release|Win32
		{EFA91988-1A0C-4739-9FF1-7471E933515C}.Release|x64.ActiveCfg = Release|x64
		{EFA91988-1A0C-4739-9FF1-7471E933515C}.Release|x64.Build.0 = Release|x64
		{EFA91988-1A0C-4739-9FF1-7471E933515C}.SSL-Debug|Win32.ActiveCfg = SSL-Debug|Win32
		{EFA91988-1A0C-4739-9FF1-7471E933515C}.SSL-Debug|Win32.Build.0 = SSL-Debug|Win32
		{EFA91988-1A0C-4739-9FF1-7471E933515C}.SSL-Debug|x64.ActiveCfg = SSL-Debug|x64
		{EFA91988-1A0C-4739-9FF1-7471E933515C}.SSL-Debug|x64.Build.0 = SSL-Debug|x64
		{EFA91988-1A0C-4739-9FF1-7471E933515C}.SSL-Release|Win32.ActiveCfg = SSL-Release|Win32
		{EFA91988-1A0C-4739-9FF1-7471E933515C}.SSL-Release|Win32.Build.0 = SSL-Release|Win32
		{EFA91988-1A0C-4739-9FF1-7471E933515C}.SSL-Release|x64.ActiveCfg = SSL-Release|x64
		{EFA91988-1A0C-4739-9FF1-7471E933515C}.SSL-Release|x64.Build.0 = SSL-Release|x64
		{67B5906C-5C9D-4D09-AC7E-AF71D72175F8}.Debug|Win32.ActiveCfg = Debug|Win32
		{67B5906C-5C9D-4D09-AC7E-AF71D72175F8}.Debug|Win32.Build.0 = Debug|Win32
		{67B5906C-5C9D-4D09-AC7E-AF71D72175F8}.Debug|x64.ActiveCfg = Debug|x64
		{67B5906C-5C9D-4D09-AC7E-AF71D72175F8}.Debug|x64.Build.0 = Debug|x64
		{67B5906C-5C9D-4D09-AC7E-AF71D72175F8}.Release|Win32.ActiveCfg = Release|Win32
		{67B5906C-5C9D-4D09-AC7E-AF71D72175F8}.Release|Win32.Build.0 = Release|Win32
		{67B5906C-5C9D-4D09-AC7E-AF71D72175F8}.Release|x64.ActiveCfg = Release|x64
		{67B5906C-5C9D-4D09-AC7E-AF71D72175F8}.Release|x64.Build.0 = Release|x64
		{67B5906C-5C9D-4D09-AC7E-AF71D72175F8}.SSL-Debug|Win32.ActiveCfg = SSL-Debug|Win32
		{67B5906C-5C9D-4D09-AC7E-AF71D72175F8}.SSL-Debug|Win32.Build.0 = SSL-Debug|Win32
		{67B5906C-5C9D-4D09-AC7E-AF71D72175F8}.SSL-Debug|x64.ActiveCfg = SSL-Debug|x64
		{67B5906C-5C9D-4D09-AC7E-AF71D72175F8}.SSL-Debug|x64.Build.0 = SSL-Debug|x64
		{67B5906C-5C9D-4D09-AC7E-AF71D72175F8}.SSL-Release|Win32.ActiveCfg = SSL-Release|Win32
		{67B5906C-5C9D-4D09-AC7E-AF71D72175F8}.SSL-Release|Win32.Build.0 = SSL-Release|Win32
		{67B5906C-5C9D-4D09-AC7E-AF71D72175F8}.SSL-Release|x64.ActiveCfg = SSL-Release|x64
		{67B5906C-5C9D-4D09-AC7E-AF71D72175F8}.SSL-Release|x64.Build.0 = SSL-Release|x64
		{CE7CF5E0-CAD1-49D6-95D1-143DED7B226E}.Debug|Win32.ActiveCfg = Debug|Win32
		{CE7CF5E0-CAD1-49D6-95D1-143DED7B226E}.Debug|Win32.Build.0 = Debug|Win32
		{CE7CF5E0-CAD1-49D6-95D1-143DED7B226E}.Debug|x64.ActiveCfg = Debug|x64
		{CE7CF5E0-CAD1-49D6-95D1-143DED7B226E}.Debug|x64.Build.0 = Debug|x64
		{CE7CF5E0-CAD1-49D6-95D1-143DED7B226E}.Release|Win32.ActiveCfg = Release|Win32
		{CE7CF5E0-CAD1-49D6-95D1-143DED7B226E}.Release|Win32.Build.0 = Release|Win32
		{CE7CF5E0-CAD1-49D6-95D1-143DED7B226E}.Release|x64.ActiveCfg = Release|x64
		{CE7CF5E0-CAD1-49D6-95D1-143DED7B226E}.Release|x64.Build.0 = Release|x64
		{CE7CF5E0-CAD1-49D6-95D1-143DED7B226E}.SSL-Debug|Win32.ActiveCfg = SSL-Debug|Win32
		{CE7CF5E0-CAD1-49D6-95D1-143DED7B226E}.SSL-Debug|Win32.Build.0 = SSL-Debug|Win32
		{CE7CF5E0-CAD1-49D6-95D1-143DED7B226E}.SSL-Debug|x64.ActiveCfg = SSL-Debug|x64
		{CE7CF5E0-CAD1-49D6-95D1-143DED7B226E}.SSL-Debug|x64.Build.0 = SSL-Debug|x64
		{CE7CF5E0-CAD1-49D6-95D1-143DED7B226E}.SSL-Release|Win32.ActiveCfg = SSL-Release|Win32
		{CE7CF5E0-CAD1-49D6-95D1-143DED7B226E}.SSL-Release|Win32.Build.0 = SSL-Release|Win32
		{CE7CF5E0-CAD1-49D6-95D1-143DED7B226E}.SSL-Release|x64.ActiveCfg = SSL-Release|x64
		{CE7CF5E0-CAD1-49D6-95D1-143DED7B226E}.SSL-Release|x64.Build.0 = SSL-Release|x64
		{73151749-13F0-4093-97F1-A6952ECECDBF}.Debug|Win32.ActiveCfg = Debug|Win32
		{73151749-13F0-4093-97F1-A6952ECECDBF}.Debug|Win32.Build.0 = Debug|Win32
		{73151749-13F0-4093-97F1-A6952ECECDBF}.Debug|x64.ActiveCfg = Debug|x64
		{73151749-13F0-4093-97F1-A6952ECECDBF}.Debug|x64.Build.0 = Debug|x64
		{73151749-13F0-4093-97F1-A6952ECECDBF}.Release|Win32.ActiveCfg = Release|Win32
		{73151749-13F0-4093-97F1-A6952ECECDBF}.Release|Win32.Build.0 = Release|Win32
		{73151749-13F0-4093-97F1-A6952ECECDBF}.Release|x64.ActiveCfg = Release|x64
		{73151749-13F0-4093-97F1-A6952ECECDBF}.Release|x64.Build.0 = Release|x64
		{73151749-13F0-4093-97F1-A6952ECECDBF}.SSL-Debug|Win32.ActiveCfg = SSL-Debug|Win32
		{73151749-13F0-4093-97F1-A6952ECECDBF}.SSL-Debug|Win32.Build.0 = SSL-Debug|Win32
		{73151749-13F0-4093-97F1-A6952ECECDBF}.SSL-Debug|x64.ActiveCfg = SSL-Debug|x64
		{73151749-13F0-4093-97F1-A6952ECECDBF}.SSL-Debug|x64.Build.0 = SSL-Debug|x64
		{73151749-13F0-4093-97F1-A6952ECECDBF}.SSL-Release|Win32.ActiveCfg = SSL-Release|Win32
		{73151749-13F0-4093-97F1-A6952ECECDBF}.SSL-Release|Win32.Build.0 = SSL-Release|Win32
		{73151749-13F0-4093-97F1-A6952ECECDBF}.SSL-Release|x64.ActiveCfg = SSL-Release|x64
		{73151749-13F0-4093-97F1-A6952ECECDBF}.SSL-Release|x64.Build.0 = SSL-Release|x64
		{73151749-13F0-4093-97F1-A6952ECECDCF}.Debug|Win32.ActiveCfg = Debug|Win32
		{73151749-13F0-4093-97F1-A6952ECECDCF}.Debug|Win32.Build.0 = Debug|Win32
		{73151749-13F0-4093-97F1-A6952ECECDCF}.Debug|x64.ActiveCfg = Debug|x64
		{73151749-13F0-4093-97F1-A6952ECECDCF}.Debug|x64.Build.0 = Debug|x64
		{73151749-13F0-4093-97F1-A6952ECECDCF}.Release|Win32.ActiveCfg = Release|Win32
		{73151749-13F0-4093-97F1-A6952ECECDCF}.Release|Win32.Build.0 = Release|Win32
		{73151749-13F0-4093-97F1-A6952ECECDCF}.Release|x64.ActiveCfg = Release|x64
		{73151749-13F0-4093-97F1-A6952ECECDCF}.Release|x64.Build.0 = Release|x64
		{73151749-13F0-4093-97F1-A6952ECECDCF}.SSL-Debug|Win32.ActiveCfg = SSL-Debug|Win32
		{73151749-13F0-4093-97F1-A6952ECECDCF}.SSL-Debug|Win32.Build.0 = SSL-Debug|Win32
		{73151749-13F0-4093-97F1-A6952ECECDCF}.SSL-Debug|x64.ActiveCfg = SSL-Debug|x64
		{73151749-13F0-4093-97F1-A6952ECECDCF}.SSL-Debug|x64.Build.0 = SSL-Debug|x64
		{73151749-13F0-4093-97F1-A6952ECECDCF}.SSL-Release|Win32.ActiveCfg = SSL-Release|Win32
		{73151749-13F0-4093-97F1-A6952ECECDCF}.SSL-Release|Win32.Build.0 = SSL-Release|Win32
		{73151749-13F0-4093-97F1-A6952ECECDCF}.SSL-Release|x64.ActiveCfg = SSL-Release|x64
		{73151749-13F0-4093-97F1-A6952ECECDCF}.SSL-Release|x64.Build.0 = SSL-Release|x64
		{73151749-13F0-4093-97F1-B6952ECECDCF}.Debug|Win32.ActiveCfg = Debug|Win32
		{73151749-13F0-4093-97F1-B6952ECECDCF}.Debug|Win32.Build.0 = Debug|Win32
		{73151749-13F0-4093-97F1-B6952ECECDCF}.Debug|x64.ActiveCfg = Debug|x64
		{73151749-13F0-4093-97F1-B6952ECECDCF}.Debug|x64.Build.0 = Debug|x64
		{73151749-13F0-4093-97F1-B6952ECECDCF}.Release|Win32.ActiveCfg = Release|Win32
		{73151749-13F0-4093-97F1-B6952ECECDCF}.Release|Win32.Build.0 = Release|Win32
		{73151749-13F0-4093-97F1-B6952ECECDCF}.Release|x64.ActiveCfg = Release|x64
		{73151749-13F0-4093-97F1-B6952ECECDCF}.Release|x64.Build.0 = Release|x64
		{73151749-13F0-4093-97F1-B6952ECECDCF}.SSL-Debug|Win32.ActiveCfg = SSL-Debug|Win32
		{73151749-13F0-4093-97F1-B6952ECECDCF}.SSL-Debug|Win32.Build.0 = SSL-Debug|Win32
		{73151749-13F0-4093-97F1-B6952ECECDCF}.SSL-Debug|x64.ActiveCfg = SSL-Debug|x64
		{73151749-13F0-4093-97F1-B6952ECECDCF}.SSL-Debug|x64.Build.0 = SSL-Debug|x64
		{73151749-13F0-4093-97F1-B6952ECECDCF}.SSL-Release|Win32.ActiveCfg = SSL-Release|Win32
		{73151749-13F0-4093-97F1-B6952ECECDCF}.SSL-Release|Win32.Build.0 = SSL-Release|Win32
		{73151749-13F0-4093-97F1-B6952ECECDCF}.SSL-Release|x64.ActiveCfg = SSL-Release|x64
		{73151749-13F0-4093-97F1-B6952ECECDCF}.SSL-Release|x64.Build.0 = SSL-Release|x64
		{73151749-13F0-4093-97F1-A6952E876543}.Debug|Win32.ActiveCfg = Debug|Win32
		{73151749-13F0-4093-97F1-A6952E876543}.Debug|Win32.Build.0 = Debug|Win32
		{73151749-13F0-4093-97F1-A6952E876543}.Debug|x64.ActiveCfg = Debug|x64
		{73151749-13F0-4093-97F1-A6952E876543}.Debug|x64.Build.0 = Debug|x64
		{73151749-13F0-4093-97F1-A6952E876543}.Release|Win32.ActiveCfg = Release|Win32
		{73151749-13F0-4093-97F1-A6952E876543}.Release|Win32.Build.0 = Release|Win32
		{73151749-13F0-4093-97F1-A6952E876543}.Release|x64.ActiveCfg = Release|x64
		{73151749-13F0-4093-97F1-A6952E876543}.Release|x64.Build.0 = Release|x64
		{73151749-13F0-4093-97F1-A6952E876543}.SSL-Debug|Win32.ActiveCfg = SSL-Debug|Win32
		{73151749-13F0-4093-97F1-A6952E876543}.SSL-Debug|Win32.Build.0 = SSL-Debug|Win32
		{73151749-13F0-4093-97F1-A6952E876543}.SSL-Debug|x64.ActiveCfg = SSL-Debug|x64
		{73151749-13F0-4093-97F1-A6952E876543}.SSL-Debug|x64.Build.0 = SSL-Debug|x64
		{73151749-13F0-4093-97F1-A6952E876543}.SSL-Release|Win32.ActiveCfg = SSL-Release|Win32
		{73151749-13F0-4093-97F1-A6952E876543}.SSL-Release|Win32.Build.0 = SSL-Release|Win32
		{73151749-13F0-4093-97F1-A6952E876543}.SSL-Release|x64.ActiveCfg = SSL-Release|x64
		{73151749-13F0-4093-97F1-A6952E876543}.SSL-Release|x64.Build.0 = SSL-Release|x64
	EndGlobalSection
	GlobalSection(SolutionProperties) = preSolution
		HideSolutionNode = FALSE
	EndGlobalSection
EndGlobal
