<?xml version="1.0" encoding="utf-8"?>
<Project ToolsVersion="4.0" xmlns="http://schemas.microsoft.com/developer/msbuild/2003">
  <ItemGroup>
    <Filter Include="config">
      <UniqueIdentifier>{1d3033b8-6d0a-46b1-a387-445b0461d379}</UniqueIdentifier>
    </Filter>
  </ItemGroup>
  <ItemGroup>
    <ClCompile Include="AsyncSocketBase.cxx" />
    <ClCompile Include="AsyncTcpSocketBase.cxx" />
    <ClCompile Include="AsyncTlsSocketBase.cxx" />
    <ClCompile Include="AsyncUdpSocketBase.cxx" />
    <ClCompile Include="ChannelManager.cxx" />
    <ClCompile Include="ConnectionManager.cxx" />
    <ClCompile Include="DataBuffer.cxx" />
    <ClCompile Include="RemotePeer.cxx" />
    <ClCompile Include="RequestHandler.cxx" />
    <ClCompile Include="ReTurnConfig.cxx" />
    <ClCompile Include="reTurnServer.cxx" />
    <ClCompile Include="ReTurnSubsystem.cxx" />
    <ClCompile Include="StunAuth.cxx" />
    <ClCompile Include="StunMessage.cxx" />
    <ClCompile Include="StunTuple.cxx" />
    <ClCompile Include="TcpConnection.cxx" />
    <ClCompile Include="TcpServer.cxx" />
    <ClCompile Include="TlsConnection.cxx" />
    <ClCompile Include="TlsServer.cxx" />
    <ClCompile Include="TurnAllocation.cxx" />
    <ClCompile Include="TurnAllocationKey.cxx" />
    <ClCompile Include="TurnAllocationManager.cxx" />
    <ClCompile Include="TurnManager.cxx" />
    <ClCompile Include="TurnPermission.cxx" />
    <ClCompile Include="UdpRelayServer.cxx" />
    <ClCompile Include="UdpServer.cxx" />
    <ClCompile Include="UserAuthData.cxx" />
  </ItemGroup>
  <ItemGroup>
    <ClInclude Include="AsyncSocketBase.hxx" />
    <ClInclude Include="AsyncSocketBaseHandler.hxx" />
    <ClInclude Include="AsyncTcpSocketBase.hxx" />
    <ClInclude Include="AsyncTlsSocketBase.hxx" />
    <ClInclude Include="AsyncUdpSocketBase.hxx" />
    <ClInclude Include="ChannelManager.hxx" />
    <ClInclude Include="ConnectionManager.hxx" />
    <ClInclude Include="DataBuffer.hxx" />
    <ClInclude Include="RemotePeer.hxx" />
    <ClInclude Include="RequestHandler.hxx" />
    <ClInclude Include="ReTurnConfig.hxx" />
    <ClInclude Include="reTurnServer.hxx" />
    <ClInclude Include="ReTurnSubsystem.hxx" />
    <ClInclude Include="StunAuth.hxx" />
    <ClInclude Include="StunMessage.hxx" />
    <ClInclude Include="StunTuple.hxx" />
    <ClInclude Include="TcpConnection.hxx" />
    <ClInclude Include="TcpServer.hxx" />
    <ClInclude Include="TlsConnection.hxx" />
    <ClInclude Include="TlsServer.hxx" />
    <ClInclude Include="TurnAllocation.hxx" />
    <ClInclude Include="TurnAllocationKey.hxx" />
    <ClInclude Include="TurnAllocationManager.hxx" />
    <ClInclude Include="TurnManager.hxx" />
    <ClInclude Include="TurnPermission.hxx" />
    <ClInclude Include="UdpRelayServer.hxx" />
    <ClInclude Include="UdpServer.hxx" />
    <ClInclude Include="UserAuthData.hxx" />
  </ItemGroup>
  <ItemGroup>
    <None Include="README.txt" />
    <None Include="reTurnServer.config">
      <Filter>config</Filter>
    </None>
  </ItemGroup>
</Project>