<?xml version="1.0" encoding="utf-8"?>
<Project ToolsVersion="4.0" xmlns="http://schemas.microsoft.com/developer/msbuild/2003">
  <ItemGroup>
    <ClCompile Include="findme.c" />
    <ClCompile Include="popt.c" />
    <ClCompile Include="poptconfig.c" />
    <ClCompile Include="popthelp.c" />
    <ClCompile Include="poptparse.c" />
  </ItemGroup>
  <ItemGroup>
    <ClInclude Include="config.h" />
    <ClInclude Include="system.h" />
    <ClInclude Include="findme.h" />
    <ClInclude Include="popt.h" />
    <ClInclude Include="poptint.h" />
  </ItemGroup>
</Project>