
Microsoft Visual Studio Solution File, Format Version 10.00
# Visual C++ Express 2008
Project("{8BC9CEB8-8B4A-11D0-8D11-00A0C91BC942}") = "libICE", "libICE\libICE.vcproj", "{7655E0B5-8D1F-4A25-87D1-D4CC9668A80D}"
EndProject
Project("{8BC9CEB8-8B4A-11D0-8D11-00A0C91BC942}") = "libnrappkit", "..\..\..\..\nrappkit\src\make\win32\libnrappkit\libnrappkit.vcproj", "{61F3516C-5C1C-4600-9745-EE089872BE28}"
EndProject
Project("{8BC9CEB8-8B4A-11D0-8D11-00A0C91BC942}") = "ice_test", "ice_test\ice_test.vcproj", "{0A5AA93A-32A6-4C67-8842-07B77EA9FCAB}"
	ProjectSection(ProjectDependencies) = postProject
		{7655E0B5-8D1F-4A25-87D1-D4CC9668A80D} = {7655E0B5-8D1F-4A25-87D1-D4CC9668A80D}
		{61F3516C-5C1C-4600-9745-EE089872BE28} = {61F3516C-5C1C-4600-9745-EE089872BE28}
	EndProjectSection
EndProject
Global
	GlobalSection(SolutionConfigurationPlatforms) = preSolution
		Debug|Win32 = Debug|Win32
		Release|Win32 = Release|Win32
	EndGlobalSection
	GlobalSection(ProjectConfigurationPlatforms) = postSolution
		{7655E0B5-8D1F-4A25-87D1-D4CC9668A80D}.Debug|Win32.ActiveCfg = Debug|Win32
		{7655E0B5-8D1F-4A25-87D1-D4CC9668A80D}.Debug|Win32.Build.0 = Debug|Win32
		{7655E0B5-8D1F-4A25-87D1-D4CC9668A80D}.Release|Win32.ActiveCfg = Release|Win32
		{7655E0B5-8D1F-4A25-87D1-D4CC9668A80D}.Release|Win32.Build.0 = Release|Win32
		{61F3516C-5C1C-4600-9745-EE089872BE28}.Debug|Win32.ActiveCfg = Debug|Win32
		{61F3516C-5C1C-4600-9745-EE089872BE28}.Debug|Win32.Build.0 = Debug|Win32
		{61F3516C-5C1C-4600-9745-EE089872BE28}.Release|Win32.ActiveCfg = Release|Win32
		{61F3516C-5C1C-4600-9745-EE089872BE28}.Release|Win32.Build.0 = Release|Win32
		{0A5AA93A-32A6-4C67-8842-07B77EA9FCAB}.Debug|Win32.ActiveCfg = Debug|Win32
		{0A5AA93A-32A6-4C67-8842-07B77EA9FCAB}.Debug|Win32.Build.0 = Debug|Win32
		{0A5AA93A-32A6-4C67-8842-07B77EA9FCAB}.Release|Win32.ActiveCfg = Release|Win32
		{0A5AA93A-32A6-4C67-8842-07B77EA9FCAB}.Release|Win32.Build.0 = Release|Win32
	EndGlobalSection
	GlobalSection(SolutionProperties) = preSolution
		HideSolutionNode = FALSE
	EndGlobalSection
EndGlobal
