Microsoft Visual Studio Solution File, Format Version 10.00
# Visual Studio 2008
Project("{8BC9CEB8-8B4A-11D0-8D11-00A0C91BC942}") = "clicktocall", "clicktocall_9_0.vcproj", "{8BA87397-9B42-4820-BA53-62FF35C22CAE}"
	ProjectSection(ProjectDependencies) = postProject
		{2A8BE839-6466-4001-B224-8F1C3168D04A} = {2A8BE839-6466-4001-B224-8F1C3168D04A}
		{12720B4D-F4FC-4502-8FA9-589BF5166216} = {12720B4D-F4FC-4502-8FA9-589BF5166216}
		{38594885-CF9C-4C5F-B3F0-E4969D7E3F58} = {38594885-CF9C-4C5F-B3F0-E4969D7E3F58}
		{96CD935E-1951-43B8-AF75-F1C06B3778C1} = {96CD935E-1951-43B8-AF75-F1C06B3778C1}
		{3D0E5CEB-93DC-4FDB-918B-D08FA369E106} = {3D0E5CEB-93DC-4FDB-918B-D08FA369E106}
	EndProjectSection
EndProject
Project("{8BC9CEB8-8B4A-11D0-8D11-00A0C91BC942}") = "rutil", "..\..\rutil\rutil_9_0.vcproj", "{3D0E5CEB-93DC-4FDB-918B-D08FA369E106}"
EndProject
Project("{8BC9CEB8-8B4A-11D0-8D11-00A0C91BC942}") = "resiprocate", "..\..\resip\stack\resiprocate_9_0.vcproj", "{2A8BE839-6466-4001-B224-8F1C3168D04A}"
EndProject
Project("{8BC9CEB8-8B4A-11D0-8D11-00A0C91BC942}") = "dum", "..\..\resip\dum\dum_9_0.vcproj", "{12720B4D-F4FC-4502-8FA9-589BF5166216}"
EndProject
Project("{8BC9CEB8-8B4A-11D0-8D11-00A0C91BC942}") = "ares", "..\..\rutil\dns\ares\ares_9_0.vcproj", "{96CD935E-1951-43B8-AF75-F1C06B3778C1}"
EndProject
Project("{8BC9CEB8-8B4A-11D0-8D11-00A0C91BC942}") = "pcre", "..\..\contrib\pcre\pcre_9_0.vcproj", "{38594885-CF9C-4C5F-B3F0-E4969D7E3F58}"
EndProject
Project("{8BC9CEB8-8B4A-11D0-8D11-00A0C91BC942}") = "clicktocallxml", "test\clicktocallxml_9_0.vcproj", "{9F820A51-A2FF-4EB6-ACB7-F0402E8D5CEC}"
	ProjectSection(ProjectDependencies) = postProject
		{2A8BE839-6466-4001-B224-8F1C3168D04A} = {2A8BE839-6466-4001-B224-8F1C3168D04A}
		{8BA87397-9B42-4820-BA53-62FF35C22CAE} = {8BA87397-9B42-4820-BA53-62FF35C22CAE}
		{96CD935E-1951-43B8-AF75-F1C06B3778C1} = {96CD935E-1951-43B8-AF75-F1C06B3778C1}
		{3D0E5CEB-93DC-4FDB-918B-D08FA369E106} = {3D0E5CEB-93DC-4FDB-918B-D08FA369E106}
	EndProjectSection
EndProject
Global
	GlobalSection(SolutionConfigurationPlatforms) = preSolution
		Debug|Win32 = Debug|Win32
		Release|Win32 = Release|Win32
	EndGlobalSection
	GlobalSection(ProjectConfigurationPlatforms) = postSolution
		{8BA87397-9B42-4820-BA53-62FF35C22CAE}.Debug|Win32.ActiveCfg = Debug|Win32
		{8BA87397-9B42-4820-BA53-62FF35C22CAE}.Debug|Win32.Build.0 = Debug|Win32
		{8BA87397-9B42-4820-BA53-62FF35C22CAE}.Release|Win32.ActiveCfg = Release|Win32
		{3D0E5CEB-93DC-4FDB-918B-D08FA369E106}.Debug|Win32.ActiveCfg = SSL-Debug|Win32
		{3D0E5CEB-93DC-4FDB-918B-D08FA369E106}.Debug|Win32.Build.0 = SSL-Debug|Win32
		{3D0E5CEB-93DC-4FDB-918B-D08FA369E106}.Release|Win32.ActiveCfg = SSL-Release|Win32
		{3D0E5CEB-93DC-4FDB-918B-D08FA369E106}.Release|Win32.Build.0 = SSL-Release|Win32
		{2A8BE839-6466-4001-B224-8F1C3168D04A}.Debug|Win32.ActiveCfg = SSL-Debug|Win32
		{2A8BE839-6466-4001-B224-8F1C3168D04A}.Debug|Win32.Build.0 = SSL-Debug|Win32
		{2A8BE839-6466-4001-B224-8F1C3168D04A}.Release|Win32.ActiveCfg = SSL-Release|Win32
		{2A8BE839-6466-4001-B224-8F1C3168D04A}.Release|Win32.Build.0 = SSL-Release|Win32
		{12720B4D-F4FC-4502-8FA9-589BF5166216}.Debug|Win32.ActiveCfg = SSL-Debug|Win32
		{12720B4D-F4FC-4502-8FA9-589BF5166216}.Debug|Win32.Build.0 = SSL-Debug|Win32
		{12720B4D-F4FC-4502-8FA9-589BF5166216}.Release|Win32.ActiveCfg = SSL-Release|Win32
		{12720B4D-F4FC-4502-8FA9-589BF5166216}.Release|Win32.Build.0 = SSL-Release|Win32
		{96CD935E-1951-43B8-AF75-F1C06B3778C1}.Debug|Win32.ActiveCfg = Debug|Win32
		{96CD935E-1951-43B8-AF75-F1C06B3778C1}.Debug|Win32.Build.0 = Debug|Win32
		{96CD935E-1951-43B8-AF75-F1C06B3778C1}.Release|Win32.ActiveCfg = Release|Win32
		{96CD935E-1951-43B8-AF75-F1C06B3778C1}.Release|Win32.Build.0 = Release|Win32
		{38594885-CF9C-4C5F-B3F0-E4969D7E3F58}.Debug|Win32.ActiveCfg = Debug|Win32
		{38594885-CF9C-4C5F-B3F0-E4969D7E3F58}.Debug|Win32.Build.0 = Debug|Win32
		{38594885-CF9C-4C5F-B3F0-E4969D7E3F58}.Release|Win32.ActiveCfg = Release|Win32
		{38594885-CF9C-4C5F-B3F0-E4969D7E3F58}.Release|Win32.Build.0 = Release|Win32
		{9F820A51-A2FF-4EB6-ACB7-F0402E8D5CEC}.Debug|Win32.ActiveCfg = Debug|Win32
		{9F820A51-A2FF-4EB6-ACB7-F0402E8D5CEC}.Debug|Win32.Build.0 = Debug|Win32
		{9F820A51-A2FF-4EB6-ACB7-F0402E8D5CEC}.Release|Win32.ActiveCfg = Release|Win32
		{9F820A51-A2FF-4EB6-ACB7-F0402E8D5CEC}.Release|Win32.Build.0 = Release|Win32
	EndGlobalSection
	GlobalSection(SolutionProperties) = preSolution
		HideSolutionNode = FALSE
	EndGlobalSection
EndGlobal
