Microsoft Visual Studio Solution File, Format Version 11.00
# Visual Studio 2010
Project("{8BC9CEB8-8B4A-11D0-8D11-00A0C91BC942}") = "recon", "recon_10_0.vcxproj", "{16CD976A-5D3B-4329-88BA-A32560CDFCC7}"
EndProject
Project("{8BC9CEB8-8B4A-11D0-8D11-00A0C91BC942}") = "ares", "..\..\contrib\ares\ares_10_0.vcxproj", "{CE7CF5E0-CAD1-49D6-95D1-143DED7B226E}"
EndProject
Project("{8BC9CEB8-8B4A-11D0-8D11-00A0C91BC942}") = "rutil", "..\..\rutil\rutil_10_0.vcxproj", "{3D0E5CEB-93DC-4FDB-918B-D08FA369E106}"
EndProject
Project("{8BC9CEB8-8B4A-11D0-8D11-00A0C91BC942}") = "resiprocate", "..\stack\resiprocate_10_0.vcxproj", "{2A8BE839-6466-4001-B224-8F1C3168D04A}"
EndProject
Project("{8BC9CEB8-8B4A-11D0-8D11-00A0C91BC942}") = "dum", "..\dum\dum_10_0.vcxproj", "{31B0654F-E08E-405F-909F-80F86CB14B9D}"
EndProject
Project("{8BC9CEB8-8B4A-11D0-8D11-00A0C91BC942}") = "reflow", "..\..\reflow\reflow_10_0.vcxproj", "{D2AB531B-86AC-43DD-A330-9809B4F1BB53}"
EndProject
Project("{8BC9CEB8-8B4A-11D0-8D11-00A0C91BC942}") = "pcre", "..\..\contrib\pcre\pcre_10_0.vcxproj", "{B933F895-8EFB-4FDD-A46D-09B8C00D1D26}"
EndProject
Project("{8BC9CEB8-8B4A-11D0-8D11-00A0C91BC942}") = "reTurnClient", "..\..\reTurn\client\reTurnClient_10_0.vcxproj", "{67B5906C-5C9D-4D09-AC7E-AF71D72175F8}"
EndProject
Project("{8BC9CEB8-8B4A-11D0-8D11-00A0C91BC942}") = "testUA", "test\testUA_10_0.vcxproj", "{16CD976A-5D3B-4329-88BA-A32560CDFCC8}"
EndProject
Project("{8BC9CEB8-8B4A-11D0-8D11-00A0C91BC942}") = "unitTests", "test\unitTests_10_0.vcxproj", "{16CD976A-5D3B-4329-88BA-A32560CDFCC9}"
EndProject
Project("{8BC9CEB8-8B4A-11D0-8D11-00A0C91BC942}") = "libSRTP", "..\..\contrib\srtp\srtp10.vcxproj", "{EEF031CB-FED8-451E-A471-91EC8D4F6750}"
EndProject
Global
	GlobalSection(SolutionConfigurationPlatforms) = preSolution
		Debug|Win32 = Debug|Win32
		Release|Win32 = Release|Win32
	EndGlobalSection
	GlobalSection(ProjectConfigurationPlatforms) = postSolution
		{16CD976A-5D3B-4329-88BA-A32560CDFCC7}.Debug|Win32.ActiveCfg = Debug|Win32
		{16CD976A-5D3B-4329-88BA-A32560CDFCC7}.Debug|Win32.Build.0 = Debug|Win32
		{16CD976A-5D3B-4329-88BA-A32560CDFCC7}.Release|Win32.ActiveCfg = Release|Win32
		{16CD976A-5D3B-4329-88BA-A32560CDFCC7}.Release|Win32.Build.0 = Release|Win32
		{CE7CF5E0-CAD1-49D6-95D1-143DED7B226E}.Debug|Win32.ActiveCfg = Debug|Win32
		{CE7CF5E0-CAD1-49D6-95D1-143DED7B226E}.Debug|Win32.Build.0 = Debug|Win32
		{CE7CF5E0-CAD1-49D6-95D1-143DED7B226E}.Release|Win32.ActiveCfg = Release|Win32
		{CE7CF5E0-CAD1-49D6-95D1-143DED7B226E}.Release|Win32.Build.0 = Release|Win32
		{3D0E5CEB-93DC-4FDB-918B-D08FA369E106}.Debug|Win32.ActiveCfg = SSL-Debug|Win32
		{3D0E5CEB-93DC-4FDB-918B-D08FA369E106}.Debug|Win32.Build.0 = SSL-Debug|Win32
		{3D0E5CEB-93DC-4FDB-918B-D08FA369E106}.Release|Win32.ActiveCfg = SSL-Release|Win32
		{3D0E5CEB-93DC-4FDB-918B-D08FA369E106}.Release|Win32.Build.0 = SSL-Release|Win32
		{2A8BE839-6466-4001-B224-8F1C3168D04A}.Debug|Win32.ActiveCfg = SSL-Debug|Win32
		{2A8BE839-6466-4001-B224-8F1C3168D04A}.Debug|Win32.Build.0 = SSL-Debug|Win32
		{2A8BE839-6466-4001-B224-8F1C3168D04A}.Release|Win32.ActiveCfg = SSL-Release|Win32
		{2A8BE839-6466-4001-B224-8F1C3168D04A}.Release|Win32.Build.0 = SSL-Release|Win32
		{31B0654F-E08E-405F-909F-80F86CB14B9D}.Debug|Win32.ActiveCfg = SSL-Debug|Win32
		{31B0654F-E08E-405F-909F-80F86CB14B9D}.Debug|Win32.Build.0 = SSL-Debug|Win32
		{31B0654F-E08E-405F-909F-80F86CB14B9D}.Release|Win32.ActiveCfg = SSL-Release|Win32
		{31B0654F-E08E-405F-909F-80F86CB14B9D}.Release|Win32.Build.0 = SSL-Release|Win32
		{D2AB531B-86AC-43DD-A330-9809B4F1BB53}.Debug|Win32.ActiveCfg = Debug|Win32
		{D2AB531B-86AC-43DD-A330-9809B4F1BB53}.Debug|Win32.Build.0 = Debug|Win32
		{D2AB531B-86AC-43DD-A330-9809B4F1BB53}.Release|Win32.ActiveCfg = Release|Win32
		{D2AB531B-86AC-43DD-A330-9809B4F1BB53}.Release|Win32.Build.0 = Release|Win32
		{B933F895-8EFB-4FDD-A46D-09B8C00D1D26}.Debug|Win32.ActiveCfg = Debug|Win32
		{B933F895-8EFB-4FDD-A46D-09B8C00D1D26}.Debug|Win32.Build.0 = Debug|Win32
		{B933F895-8EFB-4FDD-A46D-09B8C00D1D26}.Release|Win32.ActiveCfg = Release|Win32
		{B933F895-8EFB-4FDD-A46D-09B8C00D1D26}.Release|Win32.Build.0 = Release|Win32
		{67B5906C-5C9D-4D09-AC7E-AF71D72175F8}.Debug|Win32.ActiveCfg = Debug|Win32
		{67B5906C-5C9D-4D09-AC7E-AF71D72175F8}.Debug|Win32.Build.0 = Debug|Win32
		{67B5906C-5C9D-4D09-AC7E-AF71D72175F8}.Release|Win32.ActiveCfg = Release|Win32
		{67B5906C-5C9D-4D09-AC7E-AF71D72175F8}.Release|Win32.Build.0 = Release|Win32
		{16CD976A-5D3B-4329-88BA-A32560CDFCC8}.Debug|Win32.ActiveCfg = Debug|Win32
		{16CD976A-5D3B-4329-88BA-A32560CDFCC8}.Debug|Win32.Build.0 = Debug|Win32
		{16CD976A-5D3B-4329-88BA-A32560CDFCC8}.Release|Win32.ActiveCfg = Release|Win32
		{16CD976A-5D3B-4329-88BA-A32560CDFCC8}.Release|Win32.Build.0 = Release|Win32
		{16CD976A-5D3B-4329-88BA-A32560CDFCC9}.Debug|Win32.ActiveCfg = Debug|Win32
		{16CD976A-5D3B-4329-88BA-A32560CDFCC9}.Debug|Win32.Build.0 = Debug|Win32
		{16CD976A-5D3B-4329-88BA-A32560CDFCC9}.Release|Win32.ActiveCfg = Release|Win32
		{16CD976A-5D3B-4329-88BA-A32560CDFCC9}.Release|Win32.Build.0 = Release|Win32
		{EEF031CB-FED8-451E-A471-91EC8D4F6750}.Debug|Win32.ActiveCfg = Debug|Win32
		{EEF031CB-FED8-451E-A471-91EC8D4F6750}.Debug|Win32.Build.0 = Debug|Win32
		{EEF031CB-FED8-451E-A471-91EC8D4F6750}.Release|Win32.ActiveCfg = Release|Win32
		{EEF031CB-FED8-451E-A471-91EC8D4F6750}.Release|Win32.Build.0 = Release|Win32
	EndGlobalSection
	GlobalSection(SolutionProperties) = preSolution
		HideSolutionNode = FALSE
	EndGlobalSection
EndGlobal
