Microsoft Visual Studio Solution File, Format Version 11.00
# Visual Studio 2010
Project("{8BC9CEB8-8B4A-11D0-8D11-00A0C91BC942}") = "recon", "recon_10_0.vcxproj", "{16CD976A-5D3B-4329-88BA-A32560CDFCC7}"
EndProject
Project("{8BC9CEB8-8B4A-11D0-8D11-00A0C91BC942}") = "ares", "..\..\rutil\dns\ares\ares_10_0.vcxproj", "{CE7CF5E0-CAD1-49D6-95D1-143DED7B226E}"
EndProject
Project("{8BC9CEB8-8B4A-11D0-8D11-00A0C91BC942}") = "rutil", "..\..\rutil\rutil_10_0.vcxproj", "{3D0E5CEB-93DC-4FDB-918B-D08FA369E106}"
EndProject
Project("{8BC9CEB8-8B4A-11D0-8D11-00A0C91BC942}") = "resiprocate", "..\stack\resiprocate_10_0.vcxproj", "{2A8BE839-6466-4001-B224-8F1C3168D04A}"
EndProject
Project("{8BC9CEB8-8B4A-11D0-8D11-00A0C91BC942}") = "dum", "..\dum\dum_10_0.vcxproj", "{31B0654F-E08E-405F-909F-80F86CB14B9D}"
EndProject
Project("{8BC9CEB8-8B4A-11D0-8D11-00A0C91BC942}") = "reflow", "..\..\reflow\reflow_10_0.vcxproj", "{D2AB531B-86AC-43DD-A330-9809B4F1BB53}"
EndProject
Project("{8BC9CEB8-8B4A-11D0-8D11-00A0C91BC942}") = "pcre", "..\..\contrib\pcre\pcre_10_0.vcxproj", "{B933F895-8EFB-4FDD-A46D-09B8C00D1D26}"
EndProject
Project("{8BC9CEB8-8B4A-11D0-8D11-00A0C91BC942}") = "reTurnClient", "..\..\reTurn\client\reTurnClient_10_0.vcxproj", "{67B5906C-5C9D-4D09-AC7E-AF71D72175F8}"
EndProject
Project("{8BC9CEB8-8B4A-11D0-8D11-00A0C91BC942}") = "sipXportLib-msvc8", "..\..\..\sipXtapi\sipXportLib\sipXportLib-msvc8.vcxproj", "{14631055-9D3F-47E5-B6A7-16BFC0CC8091}"
EndProject
Project("{8BC9CEB8-8B4A-11D0-8D11-00A0C91BC942}") = "sipXsdpLib-msvc8", "..\..\..\sipXtapi\sipXsdpLib\sipXsdpLib-msvc8.vcxproj", "{E1D81EA9-4AC3-4CF5-B600-090FD822B1F6}"
EndProject
Project("{8BC9CEB8-8B4A-11D0-8D11-00A0C91BC942}") = "sipXmediaAdapterLib-msvc8", "..\..\..\sipXtapi\sipXmediaAdapterLib\sipXmediaAdapterLib-msvc8.vcxproj", "{9501C518-8693-42F3-86A4-39B14983EC6C}"
EndProject
Project("{8BC9CEB8-8B4A-11D0-8D11-00A0C91BC942}") = "sipXmediaLib-msvc8", "..\..\..\sipXtapi\sipXmediaLib\sipXmediaLib-msvc8.vcxproj", "{0EC8287A-481E-45DC-8F95-BAD940AE1038}"
EndProject
Project("{8BC9CEB8-8B4A-11D0-8D11-00A0C91BC942}") = "libspeex", "..\..\..\sipXtapi\sipXmediaLib\contrib\libspeex\win32\VS2003\libspeex\libspeex.vcxproj", "{E972C52F-9E85-4D65-B19C-031E511E9DB4}"
EndProject
Project("{8BC9CEB8-8B4A-11D0-8D11-00A0C91BC942}") = "plgpcmapcmu-msvc8", "..\..\..\sipXtapi\sipXmediaLib\src\mp\codecs\plgpcmapcmu\plgpcmapcmu-msvc8.vcxproj", "{A9C94D26-C90D-4860-8195-56929E893757}"
EndProject
Project("{8BC9CEB8-8B4A-11D0-8D11-00A0C91BC942}") = "plgtones-msvc8", "..\..\..\sipXtapi\sipXmediaLib\src\mp\codecs\plgtones\plgtones-msvc8.vcxproj", "{F3BCA14E-F24D-4570-833E-8C20C4C393F7}"
EndProject
Project("{8BC9CEB8-8B4A-11D0-8D11-00A0C91BC942}") = "plgspeex-msvc8", "..\..\..\sipXtapi\sipXmediaLib\src\mp\codecs\plgspeex\plgspeex-msvc8.vcxproj", "{4F7FDA11-42A4-4556-A631-15AA785CD1C1}"
EndProject
Project("{8BC9CEB8-8B4A-11D0-8D11-00A0C91BC942}") = "testUA", "test\testUA_10_0.vcxproj", "{16CD976A-5D3B-4329-88BA-A32560CDFCC8}"
EndProject
Project("{8BC9CEB8-8B4A-11D0-8D11-00A0C91BC942}") = "unitTests", "test\unitTests_10_0.vcxproj", "{16CD976A-5D3B-4329-88BA-A32560CDFCC9}"
EndProject
Project("{8BC9CEB8-8B4A-11D0-8D11-00A0C91BC942}") = "libSRTP", "..\..\contrib\srtp\srtp10.vcxproj", "{EEF031CB-FED8-451E-A471-91EC8D4F6750}"
EndProject
Project("{8BC9CEB8-8B4A-11D0-8D11-00A0C91BC942}") = "plgilbc-msvc8", "..\..\..\sipXtapi\sipXmediaLib\src\mp\codecs\plgilbc\plgilbc-msvc8.vcxproj", "{6442C7DE-E500-4BA2-B821-98092F1EDCAF}"
EndProject
Project("{8BC9CEB8-8B4A-11D0-8D11-00A0C91BC942}") = "libilbc-msvc8", "..\..\..\sipXtapi\sipXmediaLib\contrib\libilbc\VS2005\libilbc-msvc8.vcxproj", "{214007F3-D6E8-4B07-AC00-9FB673FF539E}"
EndProject
Project("{8BC9CEB8-8B4A-11D0-8D11-00A0C91BC942}") = "plgl16-msvc8", "..\..\..\sipXtapi\sipXmediaLib\src\mp\codecs\plgl16\plgl16-msvc8.vcxproj", "{82A7C86A-5F71-47C3-A74D-54C48C6CD5EE}"
EndProject
Project("{8BC9CEB8-8B4A-11D0-8D11-00A0C91BC942}") = "libspeexdsp", "..\..\..\sipXtapi\sipXmediaLib\contrib\libspeex\win32\VS2003\libspeexdsp\libspeexdsp.vcxproj", "{03207781-0D1C-4DB3-A71D-45C608F28DBD}"
EndProject
Project("{8BC9CEB8-8B4A-11D0-8D11-00A0C91BC942}") = "MOHParkServer", "MOHParkServer\MOHParkServer_10_0.vcxproj", "{74D896AB-C35B-4BB3-9418-D18D509C8D22}"
EndProject
Global
	GlobalSection(SolutionConfigurationPlatforms) = preSolution
		SSL-Debug|Win32 = SSL-Debug|Win32
		SSL-Release|Win32 = SSL-Release|Win32
	EndGlobalSection
	GlobalSection(ProjectConfigurationPlatforms) = postSolution
		{16CD976A-5D3B-4329-88BA-A32560CDFCC7}.SSL-Debug|Win32.ActiveCfg = Debug|Win32
		{16CD976A-5D3B-4329-88BA-A32560CDFCC7}.SSL-Debug|Win32.Build.0 = Debug|Win32
		{16CD976A-5D3B-4329-88BA-A32560CDFCC7}.SSL-Release|Win32.ActiveCfg = Release|Win32
		{16CD976A-5D3B-4329-88BA-A32560CDFCC7}.SSL-Release|Win32.Build.0 = Release|Win32
		{CE7CF5E0-CAD1-49D6-95D1-143DED7B226E}.SSL-Debug|Win32.ActiveCfg = SSL-Debug|Win32
		{CE7CF5E0-CAD1-49D6-95D1-143DED7B226E}.SSL-Debug|Win32.Build.0 = SSL-Debug|Win32
		{CE7CF5E0-CAD1-49D6-95D1-143DED7B226E}.SSL-Release|Win32.ActiveCfg = SSL-Release|Win32
		{CE7CF5E0-CAD1-49D6-95D1-143DED7B226E}.SSL-Release|Win32.Build.0 = SSL-Release|Win32
		{3D0E5CEB-93DC-4FDB-918B-D08FA369E106}.SSL-Debug|Win32.ActiveCfg = SSL-Debug|Win32
		{3D0E5CEB-93DC-4FDB-918B-D08FA369E106}.SSL-Debug|Win32.Build.0 = SSL-Debug|Win32
		{3D0E5CEB-93DC-4FDB-918B-D08FA369E106}.SSL-Release|Win32.ActiveCfg = SSL-Release|Win32
		{3D0E5CEB-93DC-4FDB-918B-D08FA369E106}.SSL-Release|Win32.Build.0 = SSL-Release|Win32
		{2A8BE839-6466-4001-B224-8F1C3168D04A}.SSL-Debug|Win32.ActiveCfg = SSL-Debug|Win32
		{2A8BE839-6466-4001-B224-8F1C3168D04A}.SSL-Debug|Win32.Build.0 = SSL-Debug|Win32
		{2A8BE839-6466-4001-B224-8F1C3168D04A}.SSL-Release|Win32.ActiveCfg = SSL-Release|Win32
		{2A8BE839-6466-4001-B224-8F1C3168D04A}.SSL-Release|Win32.Build.0 = SSL-Release|Win32
		{31B0654F-E08E-405F-909F-80F86CB14B9D}.SSL-Debug|Win32.ActiveCfg = SSL-Debug|Win32
		{31B0654F-E08E-405F-909F-80F86CB14B9D}.SSL-Debug|Win32.Build.0 = SSL-Debug|Win32
		{31B0654F-E08E-405F-909F-80F86CB14B9D}.SSL-Release|Win32.ActiveCfg = SSL-Release|Win32
		{31B0654F-E08E-405F-909F-80F86CB14B9D}.SSL-Release|Win32.Build.0 = SSL-Release|Win32
		{D2AB531B-86AC-43DD-A330-9809B4F1BB53}.SSL-Debug|Win32.ActiveCfg = Debug|Win32
		{D2AB531B-86AC-43DD-A330-9809B4F1BB53}.SSL-Debug|Win32.Build.0 = Debug|Win32
		{D2AB531B-86AC-43DD-A330-9809B4F1BB53}.SSL-Release|Win32.ActiveCfg = Release|Win32
		{D2AB531B-86AC-43DD-A330-9809B4F1BB53}.SSL-Release|Win32.Build.0 = Release|Win32
		{B933F895-8EFB-4FDD-A46D-09B8C00D1D26}.SSL-Debug|Win32.ActiveCfg = SSL-Debug|Win32
		{B933F895-8EFB-4FDD-A46D-09B8C00D1D26}.SSL-Debug|Win32.Build.0 = SSL-Debug|Win32
		{B933F895-8EFB-4FDD-A46D-09B8C00D1D26}.SSL-Release|Win32.ActiveCfg = SSL-Release|Win32
		{B933F895-8EFB-4FDD-A46D-09B8C00D1D26}.SSL-Release|Win32.Build.0 = SSL-Release|Win32
		{67B5906C-5C9D-4D09-AC7E-AF71D72175F8}.SSL-Debug|Win32.ActiveCfg = SSL-Debug|Win32
		{67B5906C-5C9D-4D09-AC7E-AF71D72175F8}.SSL-Debug|Win32.Build.0 = SSL-Debug|Win32
		{67B5906C-5C9D-4D09-AC7E-AF71D72175F8}.SSL-Release|Win32.ActiveCfg = SSL-Release|Win32
		{67B5906C-5C9D-4D09-AC7E-AF71D72175F8}.SSL-Release|Win32.Build.0 = SSL-Release|Win32
		{14631055-9D3F-47E5-B6A7-16BFC0CC8091}.SSL-Debug|Win32.ActiveCfg = Debug|Win32
		{14631055-9D3F-47E5-B6A7-16BFC0CC8091}.SSL-Debug|Win32.Build.0 = Debug|Win32
		{14631055-9D3F-47E5-B6A7-16BFC0CC8091}.SSL-Release|Win32.ActiveCfg = Release|Win32
		{14631055-9D3F-47E5-B6A7-16BFC0CC8091}.SSL-Release|Win32.Build.0 = Release|Win32
		{E1D81EA9-4AC3-4CF5-B600-090FD822B1F6}.SSL-Debug|Win32.ActiveCfg = Debug|Win32
		{E1D81EA9-4AC3-4CF5-B600-090FD822B1F6}.SSL-Debug|Win32.Build.0 = Debug|Win32
		{E1D81EA9-4AC3-4CF5-B600-090FD822B1F6}.SSL-Release|Win32.ActiveCfg = Release|Win32
		{E1D81EA9-4AC3-4CF5-B600-090FD822B1F6}.SSL-Release|Win32.Build.0 = Release|Win32
		{9501C518-8693-42F3-86A4-39B14983EC6C}.SSL-Debug|Win32.ActiveCfg = Debug|Win32
		{9501C518-8693-42F3-86A4-39B14983EC6C}.SSL-Debug|Win32.Build.0 = Debug|Win32
		{9501C518-8693-42F3-86A4-39B14983EC6C}.SSL-Release|Win32.ActiveCfg = Release|Win32
		{9501C518-8693-42F3-86A4-39B14983EC6C}.SSL-Release|Win32.Build.0 = Release|Win32
		{0EC8287A-481E-45DC-8F95-BAD940AE1038}.SSL-Debug|Win32.ActiveCfg = Debug|Win32
		{0EC8287A-481E-45DC-8F95-BAD940AE1038}.SSL-Debug|Win32.Build.0 = Debug|Win32
		{0EC8287A-481E-45DC-8F95-BAD940AE1038}.SSL-Release|Win32.ActiveCfg = Release|Win32
		{0EC8287A-481E-45DC-8F95-BAD940AE1038}.SSL-Release|Win32.Build.0 = Release|Win32
		{E972C52F-9E85-4D65-B19C-031E511E9DB4}.SSL-Debug|Win32.ActiveCfg = Debug|Win32
		{E972C52F-9E85-4D65-B19C-031E511E9DB4}.SSL-Debug|Win32.Build.0 = Debug|Win32
		{E972C52F-9E85-4D65-B19C-031E511E9DB4}.SSL-Release|Win32.ActiveCfg = Release|Win32
		{E972C52F-9E85-4D65-B19C-031E511E9DB4}.SSL-Release|Win32.Build.0 = Release|Win32
		{A9C94D26-C90D-4860-8195-56929E893757}.SSL-Debug|Win32.ActiveCfg = Debug|Win32
		{A9C94D26-C90D-4860-8195-56929E893757}.SSL-Debug|Win32.Build.0 = Debug|Win32
		{A9C94D26-C90D-4860-8195-56929E893757}.SSL-Release|Win32.ActiveCfg = Release|Win32
		{A9C94D26-C90D-4860-8195-56929E893757}.SSL-Release|Win32.Build.0 = Release|Win32
		{F3BCA14E-F24D-4570-833E-8C20C4C393F7}.SSL-Debug|Win32.ActiveCfg = Debug|Win32
		{F3BCA14E-F24D-4570-833E-8C20C4C393F7}.SSL-Debug|Win32.Build.0 = Debug|Win32
		{F3BCA14E-F24D-4570-833E-8C20C4C393F7}.SSL-Release|Win32.ActiveCfg = Release|Win32
		{F3BCA14E-F24D-4570-833E-8C20C4C393F7}.SSL-Release|Win32.Build.0 = Release|Win32
		{4F7FDA11-42A4-4556-A631-15AA785CD1C1}.SSL-Debug|Win32.ActiveCfg = Debug|Win32
		{4F7FDA11-42A4-4556-A631-15AA785CD1C1}.SSL-Debug|Win32.Build.0 = Debug|Win32
		{4F7FDA11-42A4-4556-A631-15AA785CD1C1}.SSL-Release|Win32.ActiveCfg = Release|Win32
		{4F7FDA11-42A4-4556-A631-15AA785CD1C1}.SSL-Release|Win32.Build.0 = Release|Win32
		{16CD976A-5D3B-4329-88BA-A32560CDFCC8}.SSL-Debug|Win32.ActiveCfg = Debug|Win32
		{16CD976A-5D3B-4329-88BA-A32560CDFCC8}.SSL-Debug|Win32.Build.0 = Debug|Win32
		{16CD976A-5D3B-4329-88BA-A32560CDFCC8}.SSL-Release|Win32.ActiveCfg = Release|Win32
		{16CD976A-5D3B-4329-88BA-A32560CDFCC8}.SSL-Release|Win32.Build.0 = Release|Win32
		{16CD976A-5D3B-4329-88BA-A32560CDFCC9}.SSL-Debug|Win32.ActiveCfg = Debug|Win32
		{16CD976A-5D3B-4329-88BA-A32560CDFCC9}.SSL-Debug|Win32.Build.0 = Debug|Win32
		{16CD976A-5D3B-4329-88BA-A32560CDFCC9}.SSL-Release|Win32.ActiveCfg = Release|Win32
		{16CD976A-5D3B-4329-88BA-A32560CDFCC9}.SSL-Release|Win32.Build.0 = Release|Win32
		{EEF031CB-FED8-451E-A471-91EC8D4F6750}.SSL-Debug|Win32.ActiveCfg = Debug|Win32
		{EEF031CB-FED8-451E-A471-91EC8D4F6750}.SSL-Debug|Win32.Build.0 = Debug|Win32
		{EEF031CB-FED8-451E-A471-91EC8D4F6750}.SSL-Release|Win32.ActiveCfg = Release|Win32
		{EEF031CB-FED8-451E-A471-91EC8D4F6750}.SSL-Release|Win32.Build.0 = Release|Win32
		{6442C7DE-E500-4BA2-B821-98092F1EDCAF}.SSL-Debug|Win32.ActiveCfg = Debug|Win32
		{6442C7DE-E500-4BA2-B821-98092F1EDCAF}.SSL-Debug|Win32.Build.0 = Debug|Win32
		{6442C7DE-E500-4BA2-B821-98092F1EDCAF}.SSL-Release|Win32.ActiveCfg = Release|Win32
		{6442C7DE-E500-4BA2-B821-98092F1EDCAF}.SSL-Release|Win32.Build.0 = Release|Win32
		{214007F3-D6E8-4B07-AC00-9FB673FF539E}.SSL-Debug|Win32.ActiveCfg = Debug|Win32
		{214007F3-D6E8-4B07-AC00-9FB673FF539E}.SSL-Debug|Win32.Build.0 = Debug|Win32
		{214007F3-D6E8-4B07-AC00-9FB673FF539E}.SSL-Release|Win32.ActiveCfg = Release|Win32
		{214007F3-D6E8-4B07-AC00-9FB673FF539E}.SSL-Release|Win32.Build.0 = Release|Win32
		{82A7C86A-5F71-47C3-A74D-54C48C6CD5EE}.SSL-Debug|Win32.ActiveCfg = Debug|Win32
		{82A7C86A-5F71-47C3-A74D-54C48C6CD5EE}.SSL-Debug|Win32.Build.0 = Debug|Win32
		{82A7C86A-5F71-47C3-A74D-54C48C6CD5EE}.SSL-Release|Win32.ActiveCfg = Release|Win32
		{82A7C86A-5F71-47C3-A74D-54C48C6CD5EE}.SSL-Release|Win32.Build.0 = Release|Win32
		{03207781-0D1C-4DB3-A71D-45C608F28DBD}.SSL-Debug|Win32.ActiveCfg = Debug|Win32
		{03207781-0D1C-4DB3-A71D-45C608F28DBD}.SSL-Debug|Win32.Build.0 = Debug|Win32
		{03207781-0D1C-4DB3-A71D-45C608F28DBD}.SSL-Release|Win32.ActiveCfg = Release|Win32
		{03207781-0D1C-4DB3-A71D-45C608F28DBD}.SSL-Release|Win32.Build.0 = Release|Win32
		{74D896AB-C35B-4BB3-9418-D18D509C8D22}.SSL-Debug|Win32.ActiveCfg = SSL-Debug|Win32
		{74D896AB-C35B-4BB3-9418-D18D509C8D22}.SSL-Debug|Win32.Build.0 = SSL-Debug|Win32
		{74D896AB-C35B-4BB3-9418-D18D509C8D22}.SSL-Release|Win32.ActiveCfg = SSL-Release|Win32
		{74D896AB-C35B-4BB3-9418-D18D509C8D22}.SSL-Release|Win32.Build.0 = SSL-Release|Win32
	EndGlobalSection
	GlobalSection(SolutionProperties) = preSolution
		HideSolutionNode = FALSE
	EndGlobalSection
EndGlobal
