<?xml version="1.0" encoding="utf-8"?>
<Project ToolsVersion="4.0" xmlns="http://schemas.microsoft.com/developer/msbuild/2003">
  <ItemGroup>
    <Filter Include="Source Files">
      <UniqueIdentifier>{4FC737F1-C7A5-4376-A066-2A32D752A2FF}</UniqueIdentifier>
      <Extensions>cpp;c;cxx;def;odl;idl;hpj;bat;asm;asmx</Extensions>
    </Filter>
    <Filter Include="Header Files">
      <UniqueIdentifier>{93995380-89BD-4b04-88EB-625FBE52EBFB}</UniqueIdentifier>
      <Extensions>h;hpp;hxx;hm;inl;inc;xsd</Extensions>
    </Filter>
  </ItemGroup>
  <ItemGroup>
    <ClCompile Include="src\Accept.cxx">
      <Filter>Source Files</Filter>
    </ClCompile>
    <ClCompile Include="src\Address.cxx">
      <Filter>Source Files</Filter>
    </ClCompile>
    <ClCompile Include="src\Datagram.cxx">
      <Filter>Source Files</Filter>
    </ClCompile>
    <ClCompile Include="src\DatagramServer.cxx">
      <Filter>Source Files</Filter>
    </ClCompile>
    <ClCompile Include="src\inet6.cxx">
      <Filter>Source Files</Filter>
    </ClCompile>
    <ClCompile Include="src\OSError.cxx">
      <Filter>Source Files</Filter>
    </ClCompile>
    <ClCompile Include="src\Peer.cxx">
      <Filter>Source Files</Filter>
    </ClCompile>
    <ClCompile Include="src\Probe.cxx">
      <Filter>Source Files</Filter>
    </ClCompile>
    <ClCompile Include="src\Probe_select.cxx">
      <Filter>Source Files</Filter>
    </ClCompile>
    <ClCompile Include="src\RecvFrom.cxx">
      <Filter>Source Files</Filter>
    </ClCompile>
    <ClCompile Include="src\Resolve_gethostbyname.cxx">
      <Filter>Source Files</Filter>
    </ClCompile>
    <ClCompile Include="src\Resolve_getservbyname.cxx">
      <Filter>Source Files</Filter>
    </ClCompile>
    <ClCompile Include="src\ServerBase.cxx">
      <Filter>Source Files</Filter>
    </ClCompile>
    <ClCompile Include="src\SockAddr.cxx">
      <Filter>Source Files</Filter>
    </ClCompile>
    <ClCompile Include="src\Socket.cxx">
      <Filter>Source Files</Filter>
    </ClCompile>
    <ClCompile Include="src\SockOpt.cxx">
      <Filter>Source Files</Filter>
    </ClCompile>
    <ClCompile Include="src\Stream.cxx">
      <Filter>Source Files</Filter>
    </ClCompile>
    <ClCompile Include="src\StreamBase.cxx">
      <Filter>Source Files</Filter>
    </ClCompile>
    <ClCompile Include="src\StreamServer.cxx">
      <Filter>Source Files</Filter>
    </ClCompile>
  </ItemGroup>
  <ItemGroup>
    <ClInclude Include="src\Accept.h">
      <Filter>Header Files</Filter>
    </ClInclude>
    <ClInclude Include="include\Netxx\Address.h">
      <Filter>Header Files</Filter>
    </ClInclude>
    <ClInclude Include="src\common.h">
      <Filter>Header Files</Filter>
    </ClInclude>
    <ClInclude Include="src\compat.h">
      <Filter>Header Files</Filter>
    </ClInclude>
    <ClInclude Include="include\Netxx\Datagram.h">
      <Filter>Header Files</Filter>
    </ClInclude>
    <ClInclude Include="include\Netxx\DatagramServer.h">
      <Filter>Header Files</Filter>
    </ClInclude>
    <ClInclude Include="src\inet6.h">
      <Filter>Header Files</Filter>
    </ClInclude>
    <ClInclude Include="include\Netxx\Netbuf.h">
      <Filter>Header Files</Filter>
    </ClInclude>
    <ClInclude Include="src\OSError.h">
      <Filter>Header Files</Filter>
    </ClInclude>
    <ClInclude Include="include\Netxx\Peer.h">
      <Filter>Header Files</Filter>
    </ClInclude>
    <ClInclude Include="include\Netxx\Probe.h">
      <Filter>Header Files</Filter>
    </ClInclude>
    <ClInclude Include="src\Probe_impl.h">
      <Filter>Header Files</Filter>
    </ClInclude>
    <ClInclude Include="include\Netxx\ProbeInfo.h">
      <Filter>Header Files</Filter>
    </ClInclude>
    <ClInclude Include="src\RecvFrom.h">
      <Filter>Header Files</Filter>
    </ClInclude>
    <ClInclude Include="src\Resolve.h">
      <Filter>Header Files</Filter>
    </ClInclude>
    <ClInclude Include="src\ServerBase.h">
      <Filter>Header Files</Filter>
    </ClInclude>
    <ClInclude Include="src\SockAddr.h">
      <Filter>Header Files</Filter>
    </ClInclude>
    <ClInclude Include="src\Socket.h">
      <Filter>Header Files</Filter>
    </ClInclude>
    <ClInclude Include="include\Netxx\SockOpt.h">
      <Filter>Header Files</Filter>
    </ClInclude>
    <ClInclude Include="include\Netxx\Stream.h">
      <Filter>Header Files</Filter>
    </ClInclude>
    <ClInclude Include="include\Netxx\StreamBase.h">
      <Filter>Header Files</Filter>
    </ClInclude>
    <ClInclude Include="include\Netxx\StreamServer.h">
      <Filter>Header Files</Filter>
    </ClInclude>
    <ClInclude Include="src\TLS_Context_pimpl.h">
      <Filter>Header Files</Filter>
    </ClInclude>
    <ClInclude Include="src\TLS_tls_pimpl.h">
      <Filter>Header Files</Filter>
    </ClInclude>
    <ClInclude Include="include\Netxx\Types.h">
      <Filter>Header Files</Filter>
    </ClInclude>
  </ItemGroup>
</Project>