// !$*UTF8*$!
{
	archiveVersion = 1;
	classes = {
	};
	objectVersion = 38;
	objects = {
		014CEA440018CDF011CA2923 = {
			buildRules = (
			);
			buildSettings = {
				COPY_PHASE_STRIP = NO;
				OPTIMIZATION_CFLAGS = "-O0";
			};
			isa = PBXBuildStyle;
			name = Development;
		};
		014CEA450018CDF011CA2923 = {
			buildRules = (
			);
			buildSettings = {
				COPY_PHASE_STRIP = YES;
			};
			isa = PBXBuildStyle;
			name = Deployment;
		};
//010
//011
//012
//013
//014
//030
//031
//032
//033
//034
		034768DFFF38A50411DB9C8B = {
			children = (
				034768E0FF38A50411DB9C8B,
			);
			isa = PBXGroup;
			name = Products;
			refType = 4;
		};
		034768E0FF38A50411DB9C8B = {
			isa = PBXFrameworkReference;
			path = resiprocate.framework;
			refType = 3;
		};
//030
//031
//032
//033
//034
//080
//081
//082
//083
//084
		0867D690FE84028FC02AAC07 = {
			buildStyles = (
				014CEA440018CDF011CA2923,
				014CEA450018CDF011CA2923,
			);
			hasScannedForEncodings = 1;
			isa = PBXProject;
			mainGroup = 0867D691FE84028FC02AAC07;
			productRefGroup = 034768DFFF38A50411DB9C8B;
			projectDirPath = "";
			targets = (
				0867D69CFE84028FC02AAC07,
			);
		};
		0867D691FE84028FC02AAC07 = {
			children = (
				08FB77AEFE84172EC02AAC07,
				32C88DFF0371C24200C91783,
				089C1665FE841158C02AAC07,
				0867D69AFE84028FC02AAC07,
				034768DFFF38A50411DB9C8B,
			);
			isa = PBXGroup;
			name = resiprocate;
			refType = 4;
		};
		0867D69AFE84028FC02AAC07 = {
			children = (
				1058C7B0FEA5585E11CA2CBB,
				1058C7B2FEA5585E11CA2CBB,
			);
			isa = PBXGroup;
			name = "External Frameworks and Libraries";
			refType = 4;
		};
		0867D69BFE84028FC02AAC07 = {
			isa = PBXFrameworkReference;
			name = Foundation.framework;
			path = /System/Library/Frameworks/Foundation.framework;
			refType = 0;
		};
		0867D69CFE84028FC02AAC07 = {
			buildPhases = (
				0867D69DFE84028FC02AAC07,
				0867D69EFE84028FC02AAC07,
				0867D69FFE84028FC02AAC07,
				0867D6A0FE84028FC02AAC07,
				0867D6A2FE84028FC02AAC07,
			);
			buildSettings = {
				DYLIB_COMPATIBILITY_VERSION = 1;
				DYLIB_CURRENT_VERSION = 1;
				FRAMEWORK_VERSION = A;
				HEADER_SEARCH_PATHS = /Users/fluffy/src/sip;
				INSTALL_PATH = "$(HOME)/Library/Frameworks";
				LIBRARY_SEARCH_PATHS = "";
				OTHER_LDFLAGS = "";
				PRODUCT_NAME = resiprocate;
				SECTORDER_FLAGS = "";
				WARNING_CFLAGS = "-Wmost -Wno-four-char-constants -Wno-unknown-pragmas";
				WRAPPER_EXTENSION = framework;
			};
			dependencies = (
			);
			isa = PBXFrameworkTarget;
			name = resiprocate;
			productInstallPath = "$(HOME)/Library/Frameworks";
			productName = resiprocate;
			productReference = 034768E0FF38A50411DB9C8B;
			productSettingsXML = "<?xml version=\"1.0\" encoding=\"UTF-8\"?>
<!DOCTYPE plist PUBLIC \"-//Apple Computer//DTD PLIST 1.0//EN\" \"http://www.apple.com/DTDs/PropertyList-1.0.dtd\">
<plist version=\"1.0\">
<dict>
	<key>CFBundleDevelopmentRegion</key>
	<string>English</string>
	<key>CFBundleExecutable</key>
	<string>resiprocate</string>
	<key>CFBundleIconFile</key>
	<string></string>
	<key>CFBundleIdentifier</key>
	<string></string>
	<key>CFBundleInfoDictionaryVersion</key>
	<string>6.0</string>
	<key>CFBundlePackageType</key>
	<string>FMWK</string>
	<key>CFBundleSignature</key>
	<string>????</string>
	<key>CFBundleVersion</key>
	<string>0.0.1d1</string>
	<key>NSPrincipalClass</key>
	<string></string>
</dict>
</plist>
";
		};
		0867D69DFE84028FC02AAC07 = {
			buildActionMask = 2147483647;
			files = (
				D674D8D7046339F9004402E6,
				D674D8D9046339F9004402E6,
				D674D8DB046339F9004402E6,
				D674D8DD046339F9004402E6,
				D674D8DF046339F9004402E6,
				D674D8E1046339F9004402E6,
				D674D8E3046339F9004402E6,
				D674D8E5046339F9004402E6,
				D674D8E7046339F9004402E6,
				D674D8E9046339F9004402E6,
				D674D8EB046339F9004402E6,
				D674D8ED046339F9004402E6,
				D674D8EF046339F9004402E6,
				D674D8F1046339F9004402E6,
				D674D8F3046339F9004402E6,
				D674D8F5046339F9004402E6,
				D674D8F8046339F9004402E6,
				D674D8FA046339F9004402E6,
				D674D8FC046339F9004402E6,
				D674D8FE046339F9004402E6,
				D674D900046339F9004402E6,
				D674D902046339F9004402E6,
				D674D905046339F9004402E6,
				D674D907046339F9004402E6,
				D674D909046339F9004402E6,
				D674D90B046339F9004402E6,
				D674D90D046339F9004402E6,
				D674D90F046339F9004402E6,
				D674D911046339F9004402E6,
				D674D914046339F9004402E6,
				D674D915046339F9004402E6,
				D674D917046339F9004402E6,
				D674D918046339F9004402E6,
				D674D91A046339F9004402E6,
				D674D91C046339F9004402E6,
				D674D91E046339F9004402E6,
				D674D920046339F9004402E6,
				D674D921046339F9004402E6,
				D674D923046339F9004402E6,
				D674D924046339F9004402E6,
				D674D926046339F9004402E6,
				D674D927046339F9004402E6,
				D674D929046339F9004402E6,
				D674D92B046339F9004402E6,
				D674D92D046339F9004402E6,
				D674D92F046339F9004402E6,
				D674D931046339F9004402E6,
				D674D933046339F9004402E6,
				D674D937046339F9004402E6,
				D674D939046339F9004402E6,
				D674D93B046339F9004402E6,
				D674D93D046339F9004402E6,
				D674D93E046339F9004402E6,
				D674D93F046339F9004402E6,
				D674D941046339F9004402E6,
				D674D943046339F9004402E6,
				D674D947046339F9004402E6,
				D674D948046339F9004402E6,
				D674D94A046339F9004402E6,
				D674D94C046339F9004402E6,
				D674D94D046339F9004402E6,
				D674D94F046339F9004402E6,
				D674D950046339F9004402E6,
				D674D952046339F9004402E6,
				D674D954046339F9004402E6,
				D674D955046339F9004402E6,
				D674D956046339F9004402E6,
				D674D958046339F9004402E6,
				D674D95A046339F9004402E6,
				D674D95C046339F9004402E6,
				D674D95E046339F9004402E6,
				D674D962046339F9004402E6,
				D674D964046339F9004402E6,
				D674D966046339F9004402E6,
				D674D967046339F9004402E6,
				D674D969046339F9004402E6,
				D674D96B046339F9004402E6,
				D674D96D046339F9004402E6,
				D674D96F046339F9004402E6,
				D674D971046339F9004402E6,
				D674D973046339F9004402E6,
				D674D977046339F9004402E6,
				D674D979046339F9004402E6,
				D674D97B046339F9004402E6,
				D674D97C046339F9004402E6,
				D674D97E046339F9004402E6,
				D674D980046339F9004402E6,
				D674D982046339F9004402E6,
				D674D984046339F9004402E6,
				D674D986046339F9004402E6,
				D674D988046339F9004402E6,
				D674D98A046339F9004402E6,
				D674D98B046339F9004402E6,
				D674D98D046339F9004402E6,
				D674D98E046339F9004402E6,
				D674D990046339F9004402E6,
				D674D992046339F9004402E6,
				D674D995046339F9004402E6,
				D674D997046339F9004402E6,
				D674D999046339F9004402E6,
				D674D99B046339F9004402E6,
				D674D99D046339F9004402E6,
				D674D99F046339F9004402E6,
				D674D9A1046339F9004402E6,
				D674D9A80463409D004402E6,
			);
			isa = PBXHeadersBuildPhase;
			runOnlyForDeploymentPostprocessing = 0;
		};
		0867D69EFE84028FC02AAC07 = {
			buildActionMask = 2147483647;
			files = (
				089C1668FE841158C02AAC07,
			);
			isa = PBXResourcesBuildPhase;
			runOnlyForDeploymentPostprocessing = 0;
		};
		0867D69FFE84028FC02AAC07 = {
			buildActionMask = 2147483647;
			files = (
				D674D8D6046339F9004402E6,
				D674D8D8046339F9004402E6,
				D674D8DA046339F9004402E6,
				D674D8DC046339F9004402E6,
				D674D8DE046339F9004402E6,
				D674D8E0046339F9004402E6,
				D674D8E2046339F9004402E6,
				D674D8E4046339F9004402E6,
				D674D8E6046339F9004402E6,
				D674D8E8046339F9004402E6,
				D674D8EA046339F9004402E6,
				D674D8EC046339F9004402E6,
				D674D8EE046339F9004402E6,
				D674D8F0046339F9004402E6,
				D674D8F2046339F9004402E6,
				D674D8F4046339F9004402E6,
				D674D8F6046339F9004402E6,
				D674D8F9046339F9004402E6,
				D674D8FB046339F9004402E6,
				D674D8FD046339F9004402E6,
				D674D8FF046339F9004402E6,
				D674D901046339F9004402E6,
				D674D904046339F9004402E6,
				D674D906046339F9004402E6,
				D674D908046339F9004402E6,
				D674D90A046339F9004402E6,
				D674D90E046339F9004402E6,
				D674D910046339F9004402E6,
				D674D913046339F9004402E6,
				D674D916046339F9004402E6,
				D674D919046339F9004402E6,
				D674D91B046339F9004402E6,
				D674D91D046339F9004402E6,
				D674D91F046339F9004402E6,
				D674D925046339F9004402E6,
				D674D928046339F9004402E6,
				D674D92A046339F9004402E6,
				D674D92C046339F9004402E6,
				D674D92E046339F9004402E6,
				D674D930046339F9004402E6,
				D674D932046339F9004402E6,
				D674D936046339F9004402E6,
				D674D938046339F9004402E6,
				D674D93A046339F9004402E6,
				D674D93C046339F9004402E6,
				D674D940046339F9004402E6,
				D674D942046339F9004402E6,
				D674D946046339F9004402E6,
				D674D949046339F9004402E6,
				D674D94B046339F9004402E6,
				D674D94E046339F9004402E6,
				D674D951046339F9004402E6,
				D674D953046339F9004402E6,
				D674D957046339F9004402E6,
				D674D959046339F9004402E6,
				D674D95B046339F9004402E6,
				D674D95D046339F9004402E6,
				D674D95F046339F9004402E6,
				D674D961046339F9004402E6,
				D674D963046339F9004402E6,
				D674D965046339F9004402E6,
				D674D968046339F9004402E6,
				D674D96A046339F9004402E6,
				D674D96C046339F9004402E6,
				D674D96E046339F9004402E6,
				D674D970046339F9004402E6,
				D674D972046339F9004402E6,
				D674D976046339F9004402E6,
				D674D978046339F9004402E6,
				D674D97A046339F9004402E6,
				D674D97D046339F9004402E6,
				D674D97F046339F9004402E6,
				D674D981046339F9004402E6,
				D674D983046339F9004402E6,
				D674D985046339F9004402E6,
				D674D987046339F9004402E6,
				D674D989046339F9004402E6,
				D674D98C046339F9004402E6,
				D674D98F046339F9004402E6,
				D674D991046339F9004402E6,
				D674D996046339F9004402E6,
				D674D998046339F9004402E6,
				D674D99A046339F9004402E6,
				D674D99C046339F9004402E6,
				D674D99E046339F9004402E6,
				D674D9A0046339F9004402E6,
				D674D9A504633D90004402E6,
				D68E8DE004787C2E00DF3BC7,
			);
			isa = PBXSourcesBuildPhase;
			runOnlyForDeploymentPostprocessing = 0;
		};
		0867D6A0FE84028FC02AAC07 = {
			buildActionMask = 2147483647;
			files = (
				1058C7B3FEA5585E11CA2CBB,
			);
			isa = PBXFrameworksBuildPhase;
			runOnlyForDeploymentPostprocessing = 0;
		};
		0867D6A2FE84028FC02AAC07 = {
			buildActionMask = 2147483647;
			files = (
			);
			isa = PBXRezBuildPhase;
			runOnlyForDeploymentPostprocessing = 0;
		};
		0867D6A5FE840307C02AAC07 = {
			isa = PBXFrameworkReference;
			name = AppKit.framework;
			path = /System/Library/Frameworks/AppKit.framework;
			refType = 0;
		};
		089C1665FE841158C02AAC07 = {
			children = (
				089C1666FE841158C02AAC07,
			);
			isa = PBXGroup;
			name = Resources;
			refType = 4;
		};
		089C1666FE841158C02AAC07 = {
			children = (
				089C1667FE841158C02AAC07,
			);
			isa = PBXVariantGroup;
			name = InfoPlist.strings;
			refType = 4;
		};
		089C1667FE841158C02AAC07 = {
			fileEncoding = 10;
			isa = PBXFileReference;
			name = English;
			path = English.lproj/InfoPlist.strings;
			refType = 4;
		};
		089C1668FE841158C02AAC07 = {
			fileRef = 089C1666FE841158C02AAC07;
			isa = PBXBuildFile;
			settings = {
			};
		};
		08FB77AEFE84172EC02AAC07 = {
			children = (
			);
			isa = PBXGroup;
			name = Classes;
			refType = 4;
		};
//080
//081
//082
//083
//084
//100
//101
//102
//103
//104
		1058C7B0FEA5585E11CA2CBB = {
			children = (
				1058C7B1FEA5585E11CA2CBB,
			);
			isa = PBXGroup;
			name = "Linked Frameworks";
			refType = 4;
		};
		1058C7B1FEA5585E11CA2CBB = {
			isa = PBXFrameworkReference;
			name = Cocoa.framework;
			path = /System/Library/Frameworks/Cocoa.framework;
			refType = 0;
		};
		1058C7B2FEA5585E11CA2CBB = {
			children = (
				0867D69BFE84028FC02AAC07,
				0867D6A5FE840307C02AAC07,
			);
			isa = PBXGroup;
			name = "Other Frameworks";
			refType = 4;
		};
		1058C7B3FEA5585E11CA2CBB = {
			fileRef = 1058C7B1FEA5585E11CA2CBB;
			isa = PBXBuildFile;
			settings = {
			};
		};
//100
//101
//102
//103
//104
//320
//321
//322
//323
//324
		32C88DFF0371C24200C91783 = {
			children = (
				D674D807046339F8004402E6,
				D674D808046339F8004402E6,
				D674D809046339F8004402E6,
				D674D80A046339F8004402E6,
				D674D80B046339F8004402E6,
				D674D80C046339F8004402E6,
				D674D80D046339F8004402E6,
				D68E8DDF04787C2E00DF3BC7,
				D674D80E046339F8004402E6,
				D674D80F046339F8004402E6,
				D674D810046339F8004402E6,
				D674D811046339F8004402E6,
				D674D812046339F8004402E6,
				D674D813046339F8004402E6,
				D674D814046339F8004402E6,
				D674D815046339F8004402E6,
				D674D816046339F8004402E6,
				D674D817046339F8004402E6,
				D674D818046339F8004402E6,
				D674D819046339F8004402E6,
				D674D81A046339F8004402E6,
				D674D81B046339F8004402E6,
				D674D9A60463409D004402E6,
				D674D81C046339F8004402E6,
				D674D81D046339F8004402E6,
				D674D81E046339F8004402E6,
				D674D81F046339F8004402E6,
				D674D820046339F8004402E6,
				D674D821046339F8004402E6,
				D674D822046339F8004402E6,
				D674D823046339F8004402E6,
				D674D824046339F8004402E6,
				D674D825046339F8004402E6,
				D674D826046339F8004402E6,
				D674D827046339F8004402E6,
				D674D829046339F9004402E6,
				D674D82A046339F9004402E6,
				D674D82B046339F9004402E6,
				D674D82C046339F9004402E6,
				D674D82D046339F9004402E6,
				D674D82E046339F9004402E6,
				D674D82F046339F9004402E6,
				D674D830046339F9004402E6,
				D674D831046339F9004402E6,
				D674D832046339F9004402E6,
				D674D833046339F9004402E6,
				D674D835046339F9004402E6,
				D674D836046339F9004402E6,
				D674D837046339F9004402E6,
				D674D838046339F9004402E6,
				D674D839046339F9004402E6,
				D674D83A046339F9004402E6,
				D674D83B046339F9004402E6,
				D674D83C046339F9004402E6,
				D674D83E046339F9004402E6,
				D674D9A404633D90004402E6,
				D674D83F046339F9004402E6,
				D674D840046339F9004402E6,
				D674D841046339F9004402E6,
				D674D842046339F9004402E6,
				D674D843046339F9004402E6,
				D674D87B046339F9004402E6,
				D674D87C046339F9004402E6,
				D674D87D046339F9004402E6,
				D674D87E046339F9004402E6,
				D674D87F046339F9004402E6,
				D674D880046339F9004402E6,
				D674D881046339F9004402E6,
				D674D882046339F9004402E6,
				D674D883046339F9004402E6,
				D674D884046339F9004402E6,
				D674D885046339F9004402E6,
				D674D886046339F9004402E6,
				D674D887046339F9004402E6,
				D674D888046339F9004402E6,
				D674D889046339F9004402E6,
				D674D88A046339F9004402E6,
				D674D88B046339F9004402E6,
				D674D88C046339F9004402E6,
				D674D88D046339F9004402E6,
				D674D88E046339F9004402E6,
				D674D88F046339F9004402E6,
				D674D890046339F9004402E6,
				D674D891046339F9004402E6,
				D674D893046339F9004402E6,
				D674D894046339F9004402E6,
				D674D895046339F9004402E6,
				D674D896046339F9004402E6,
				D674D897046339F9004402E6,
				D674D898046339F9004402E6,
				D674D899046339F9004402E6,
				D674D89A046339F9004402E6,
				D674D89B046339F9004402E6,
				D674D89C046339F9004402E6,
				D674D89D046339F9004402E6,
				D674D89E046339F9004402E6,
				D674D89F046339F9004402E6,
				D674D8A0046339F9004402E6,
				D674D8A1046339F9004402E6,
				D674D8A2046339F9004402E6,
				D674D8A3046339F9004402E6,
				D674D8A4046339F9004402E6,
				D674D8A5046339F9004402E6,
				D674D8A8046339F9004402E6,
				D674D8A9046339F9004402E6,
				D674D8AA046339F9004402E6,
				D674D8AB046339F9004402E6,
				D674D8AC046339F9004402E6,
				D674D8AD046339F9004402E6,
				D674D8AE046339F9004402E6,
				D674D8AF046339F9004402E6,
				D674D8B0046339F9004402E6,
				D674D8B1046339F9004402E6,
				D674D8B2046339F9004402E6,
				D674D8B3046339F9004402E6,
				D674D8B4046339F9004402E6,
				D674D8B5046339F9004402E6,
				D674D8B6046339F9004402E6,
				D674D8B7046339F9004402E6,
				D674D8B8046339F9004402E6,
				D674D8B9046339F9004402E6,
				D674D8BA046339F9004402E6,
				D674D8BB046339F9004402E6,
				D674D8BC046339F9004402E6,
				D674D8BD046339F9004402E6,
				D674D8BE046339F9004402E6,
				D674D8BF046339F9004402E6,
				D674D8C0046339F9004402E6,
				D674D8C1046339F9004402E6,
				D674D8C2046339F9004402E6,
				D674D8C3046339F9004402E6,
				D674D8C4046339F9004402E6,
				D674D8C5046339F9004402E6,
				D674D8C6046339F9004402E6,
				D674D8C7046339F9004402E6,
				D674D8C8046339F9004402E6,
				D674D8C9046339F9004402E6,
				D674D8CA046339F9004402E6,
				D674D8CB046339F9004402E6,
				D674D8CC046339F9004402E6,
				D674D8CD046339F9004402E6,
				D674D8CE046339F9004402E6,
				D674D8CF046339F9004402E6,
				D674D8D0046339F9004402E6,
				D674D8D1046339F9004402E6,
				D674D8D2046339F9004402E6,
				D674D8D3046339F9004402E6,
				D674D8D4046339F9004402E6,
				D674D8D5046339F9004402E6,
			);
			isa = PBXGroup;
			name = "Other Sources";
			refType = 4;
		};
//320
//321
//322
//323
//324
//D60
//D61
//D62
//D63
//D64
		D674D807046339F8004402E6 = {
			fileEncoding = 30;
			isa = PBXFileReference;
			path = ApplicationSip.cxx;
			refType = 4;
		};
		D674D808046339F8004402E6 = {
			fileEncoding = 30;
			isa = PBXFileReference;
			path = ApplicationSip.hxx;
			refType = 4;
		};
		D674D809046339F8004402E6 = {
			fileEncoding = 30;
			isa = PBXFileReference;
			path = BranchParameter.cxx;
			refType = 4;
		};
		D674D80A046339F8004402E6 = {
			fileEncoding = 30;
			isa = PBXFileReference;
			path = BranchParameter.hxx;
			refType = 4;
		};
		D674D80B046339F8004402E6 = {
			fileEncoding = 30;
			isa = PBXFileReference;
			path = Connection.cxx;
			refType = 4;
		};
		D674D80C046339F8004402E6 = {
			fileEncoding = 30;
			isa = PBXFileReference;
			path = Connection.hxx;
			refType = 4;
		};
		D674D80D046339F8004402E6 = {
			fileEncoding = 30;
			isa = PBXFileReference;
			path = ConnectionMap.cxx;
			refType = 4;
		};
		D674D80E046339F8004402E6 = {
			fileEncoding = 30;
			isa = PBXFileReference;
			path = ConnectionMap.hxx;
			refType = 4;
		};
		D674D80F046339F8004402E6 = {
			fileEncoding = 30;
			isa = PBXFileReference;
			path = Contents.cxx;
			refType = 4;
		};
		D674D810046339F8004402E6 = {
			fileEncoding = 30;
			isa = PBXFileReference;
			path = Contents.hxx;
			refType = 4;
		};
		D674D811046339F8004402E6 = {
			fileEncoding = 30;
			isa = PBXFileReference;
			path = DataParameter.cxx;
			refType = 4;
		};
		D674D812046339F8004402E6 = {
			fileEncoding = 30;
			isa = PBXFileReference;
			path = DataParameter.hxx;
			refType = 4;
		};
		D674D813046339F8004402E6 = {
			fileEncoding = 30;
			isa = PBXFileReference;
			path = Dialog.cxx;
			refType = 4;
		};
		D674D814046339F8004402E6 = {
			fileEncoding = 30;
			isa = PBXFileReference;
			path = Dialog.hxx;
			refType = 4;
		};
		D674D815046339F8004402E6 = {
			fileEncoding = 30;
			isa = PBXFileReference;
			path = Dialog2.cxx;
			refType = 4;
		};
		D674D816046339F8004402E6 = {
			fileEncoding = 30;
			isa = PBXFileReference;
			path = Dialog2.hxx;
			refType = 4;
		};
		D674D817046339F8004402E6 = {
			fileEncoding = 30;
			isa = PBXFileReference;
			path = DialogSet.cxx;
			refType = 4;
		};
		D674D818046339F8004402E6 = {
			fileEncoding = 30;
			isa = PBXFileReference;
			path = DialogSet.hxx;
			refType = 4;
		};
		D674D819046339F8004402E6 = {
			fileEncoding = 30;
			isa = PBXFileReference;
			path = DnsResolver.cxx;
			refType = 4;
		};
		D674D81A046339F8004402E6 = {
			fileEncoding = 30;
			isa = PBXFileReference;
			path = DnsResolver.hxx;
			refType = 4;
		};
		D674D81B046339F8004402E6 = {
			fileEncoding = 30;
			isa = PBXFileReference;
			path = Embedded.cxx;
			refType = 4;
		};
		D674D81C046339F8004402E6 = {
			fileEncoding = 30;
			isa = PBXFileReference;
			path = Embedded.hxx;
			refType = 4;
		};
		D674D81D046339F8004402E6 = {
			fileEncoding = 30;
			isa = PBXFileReference;
			path = Executive.cxx;
			refType = 4;
		};
		D674D81E046339F8004402E6 = {
			fileEncoding = 30;
			isa = PBXFileReference;
			path = Executive.hxx;
			refType = 4;
		};
		D674D81F046339F8004402E6 = {
			fileEncoding = 30;
			isa = PBXFileReference;
			path = ExistsParameter.cxx;
			refType = 4;
		};
		D674D820046339F8004402E6 = {
			fileEncoding = 30;
			isa = PBXFileReference;
			path = ExistsParameter.hxx;
			refType = 4;
		};
		D674D821046339F8004402E6 = {
			fileEncoding = 30;
			isa = PBXFileReference;
			path = FloatParameter.cxx;
			refType = 4;
		};
		D674D822046339F8004402E6 = {
			fileEncoding = 30;
			isa = PBXFileReference;
			path = FloatParameter.hxx;
			refType = 4;
		};
		D674D823046339F8004402E6 = {
			fileEncoding = 30;
			isa = PBXFileReference;
			path = HeaderFieldValue.cxx;
			refType = 4;
		};
		D674D824046339F8004402E6 = {
			fileEncoding = 30;
			isa = PBXFileReference;
			path = HeaderFieldValue.hxx;
			refType = 4;
		};
		D674D825046339F8004402E6 = {
			fileEncoding = 30;
			isa = PBXFileReference;
			path = HeaderFieldValueList.cxx;
			refType = 4;
		};
		D674D826046339F8004402E6 = {
			fileEncoding = 30;
			isa = PBXFileReference;
			path = HeaderFieldValueList.hxx;
			refType = 4;
		};
		D674D827046339F8004402E6 = {
			fileEncoding = 30;
			isa = PBXFileReference;
			path = HeaderHash.cxx;
			refType = 4;
		};
		D674D829046339F9004402E6 = {
			fileEncoding = 30;
			isa = PBXFileReference;
			path = HeaderHash.hxx;
			refType = 4;
		};
		D674D82A046339F9004402E6 = {
			fileEncoding = 30;
			isa = PBXFileReference;
			path = Headers.cxx;
			refType = 4;
		};
		D674D82B046339F9004402E6 = {
			fileEncoding = 30;
			isa = PBXFileReference;
			path = Headers.hxx;
			refType = 4;
		};
		D674D82C046339F9004402E6 = {
			fileEncoding = 30;
			isa = PBXFileReference;
			path = HeaderTypes.cxx;
			refType = 4;
		};
		D674D82D046339F9004402E6 = {
			fileEncoding = 30;
			isa = PBXFileReference;
			path = HeaderTypes.hxx;
			refType = 4;
		};
		D674D82E046339F9004402E6 = {
			fileEncoding = 30;
			isa = PBXFileReference;
			path = Helper.cxx;
			refType = 4;
		};
		D674D82F046339F9004402E6 = {
			fileEncoding = 30;
			isa = PBXFileReference;
			path = Helper.hxx;
			refType = 4;
		};
		D674D830046339F9004402E6 = {
			fileEncoding = 30;
			isa = PBXFileReference;
			path = IntegerParameter.cxx;
			refType = 4;
		};
		D674D831046339F9004402E6 = {
			fileEncoding = 30;
			isa = PBXFileReference;
			path = IntegerParameter.hxx;
			refType = 4;
		};
		D674D832046339F9004402E6 = {
			fileEncoding = 30;
			isa = PBXFileReference;
			path = LazyParser.cxx;
			refType = 4;
		};
		D674D833046339F9004402E6 = {
			fileEncoding = 30;
			isa = PBXFileReference;
			path = LazyParser.hxx;
			refType = 4;
		};
		D674D835046339F9004402E6 = {
			fileEncoding = 30;
			isa = PBXFileReference;
			path = Message.cxx;
			refType = 4;
		};
		D674D836046339F9004402E6 = {
			fileEncoding = 30;
			isa = PBXFileReference;
			path = Message.hxx;
			refType = 4;
		};
		D674D837046339F9004402E6 = {
			fileEncoding = 30;
			isa = PBXFileReference;
			path = MessageWaitingContents.cxx;
			refType = 4;
		};
		D674D838046339F9004402E6 = {
			fileEncoding = 30;
			isa = PBXFileReference;
			path = MessageWaitingContents.hxx;
			refType = 4;
		};
		D674D839046339F9004402E6 = {
			fileEncoding = 30;
			isa = PBXFileReference;
			path = MethodHash.cxx;
			refType = 4;
		};
		D674D83A046339F9004402E6 = {
			fileEncoding = 30;
			isa = PBXFileReference;
			path = MethodHash.hxx;
			refType = 4;
		};
		D674D83B046339F9004402E6 = {
			fileEncoding = 30;
			isa = PBXFileReference;
			path = MethodTypes.cxx;
			refType = 4;
		};
		D674D83C046339F9004402E6 = {
			fileEncoding = 30;
			isa = PBXFileReference;
			path = MethodTypes.hxx;
			refType = 4;
		};
		D674D83E046339F9004402E6 = {
			fileEncoding = 30;
			isa = PBXFileReference;
			path = MultipartMixedContents.hxx;
			refType = 4;
		};
		D674D83F046339F9004402E6 = {
			fileEncoding = 30;
			isa = PBXFileReference;
			path = MultipartSignedContents.cxx;
			refType = 4;
		};
		D674D840046339F9004402E6 = {
			fileEncoding = 30;
			isa = PBXFileReference;
			path = MultipartSignedContents.hxx;
			refType = 4;
		};
		D674D841046339F9004402E6 = {
			fileEncoding = 30;
			isa = PBXFileReference;
			path = OctetContents.cxx;
			refType = 4;
		};
		D674D842046339F9004402E6 = {
			fileEncoding = 30;
			isa = PBXFileReference;
			path = OctetContents.hxx;
			refType = 4;
		};
		D674D843046339F9004402E6 = {
			children = (
				D674D845046339F9004402E6,
				D674D846046339F9004402E6,
				D674D847046339F9004402E6,
				D674D848046339F9004402E6,
				D674D849046339F9004402E6,
				D674D84A046339F9004402E6,
				D674D84B046339F9004402E6,
				D674D84C046339F9004402E6,
				D674D84D046339F9004402E6,
				D674D84E046339F9004402E6,
				D674D84F046339F9004402E6,
				D674D850046339F9004402E6,
				D674D851046339F9004402E6,
				D674D852046339F9004402E6,
				D674D853046339F9004402E6,
				D674D855046339F9004402E6,
				D674D856046339F9004402E6,
				D674D857046339F9004402E6,
				D674D858046339F9004402E6,
				D674D859046339F9004402E6,
				D674D85A046339F9004402E6,
				D674D85B046339F9004402E6,
				D674D85C046339F9004402E6,
				D674D85D046339F9004402E6,
				D674D85E046339F9004402E6,
				D674D85F046339F9004402E6,
				D674D860046339F9004402E6,
				D674D861046339F9004402E6,
				D674D862046339F9004402E6,
				D674D863046339F9004402E6,
				D674D864046339F9004402E6,
				D674D865046339F9004402E6,
				D674D868046339F9004402E6,
				D674D869046339F9004402E6,
				D674D86A046339F9004402E6,
				D674D86B046339F9004402E6,
				D674D86C046339F9004402E6,
				D674D86D046339F9004402E6,
				D674D86E046339F9004402E6,
				D674D86F046339F9004402E6,
				D674D870046339F9004402E6,
				D674D871046339F9004402E6,
				D674D872046339F9004402E6,
				D674D873046339F9004402E6,
				D674D874046339F9004402E6,
				D674D875046339F9004402E6,
				D674D878046339F9004402E6,
				D674D879046339F9004402E6,
				D674D87A046339F9004402E6,
			);
			isa = PBXGroup;
			path = os;
			refType = 4;
		};
		D674D845046339F9004402E6 = {
			fileEncoding = 30;
			isa = PBXFileReference;
			path = BaseException.cxx;
			refType = 4;
		};
		D674D846046339F9004402E6 = {
			fileEncoding = 30;
			isa = PBXFileReference;
			path = BaseException.hxx;
			refType = 4;
		};
		D674D847046339F9004402E6 = {
			fileEncoding = 30;
			isa = PBXFileReference;
			path = CircularBuffer.hxx;
			refType = 4;
		};
		D674D848046339F9004402E6 = {
			fileEncoding = 30;
			isa = PBXFileReference;
			path = Coders.cxx;
			refType = 4;
		};
		D674D849046339F9004402E6 = {
			fileEncoding = 30;
			isa = PBXFileReference;
			path = Coders.hxx;
			refType = 4;
		};
		D674D84A046339F9004402E6 = {
			fileEncoding = 30;
			isa = PBXFileReference;
			path = compat.hxx;
			refType = 4;
		};
		D674D84B046339F9004402E6 = {
			fileEncoding = 30;
			isa = PBXFileReference;
			path = Condition.cxx;
			refType = 4;
		};
		D674D84C046339F9004402E6 = {
			fileEncoding = 30;
			isa = PBXFileReference;
			path = Condition.hxx;
			refType = 4;
		};
		D674D84D046339F9004402E6 = {
			fileEncoding = 30;
			isa = PBXFileReference;
			path = CountStream.cxx;
			refType = 4;
		};
		D674D84E046339F9004402E6 = {
			fileEncoding = 30;
			isa = PBXFileReference;
			path = CountStream.hxx;
			refType = 4;
		};
		D674D84F046339F9004402E6 = {
			fileEncoding = 30;
			isa = PBXFileReference;
			path = Data.cxx;
			refType = 4;
		};
		D674D850046339F9004402E6 = {
			fileEncoding = 30;
			isa = PBXFileReference;
			path = Data.hxx;
			refType = 4;
		};
		D674D851046339F9004402E6 = {
			fileEncoding = 30;
			isa = PBXFileReference;
			path = DataStream.cxx;
			refType = 4;
		};
		D674D852046339F9004402E6 = {
			fileEncoding = 30;
			isa = PBXFileReference;
			path = DataStream.hxx;
			refType = 4;
		};
		D674D853046339F9004402E6 = {
			fileEncoding = 30;
			isa = PBXFileReference;
			path = Fifo.hxx;
			refType = 4;
		};
		D674D855046339F9004402E6 = {
			fileEncoding = 30;
			isa = PBXFileReference;
			path = HashMap.hxx;
			refType = 4;
		};
		D674D856046339F9004402E6 = {
			fileEncoding = 30;
			isa = PBXFileReference;
			path = Inserter.hxx;
			refType = 4;
		};
		D674D857046339F9004402E6 = {
			fileEncoding = 30;
			isa = PBXFileReference;
			path = Lock.cxx;
			refType = 4;
		};
		D674D858046339F9004402E6 = {
			fileEncoding = 30;
			isa = PBXFileReference;
			path = Lock.hxx;
			refType = 4;
		};
		D674D859046339F9004402E6 = {
			fileEncoding = 30;
			isa = PBXFileReference;
			path = Lockable.hxx;
			refType = 4;
		};
		D674D85A046339F9004402E6 = {
			fileEncoding = 30;
			isa = PBXFileReference;
			path = Log.cxx;
			refType = 4;
		};
		D674D85B046339F9004402E6 = {
			fileEncoding = 30;
			isa = PBXFileReference;
			path = Log.hxx;
			refType = 4;
		};
		D674D85C046339F9004402E6 = {
			fileEncoding = 30;
			isa = PBXFileReference;
			path = Logger.cxx;
			refType = 4;
		};
		D674D85D046339F9004402E6 = {
			fileEncoding = 30;
			isa = PBXFileReference;
			path = Logger.hxx;
			refType = 4;
		};
		D674D85E046339F9004402E6 = {
			fileEncoding = 30;
			isa = PBXFileReference;
			path = MD5Stream.cxx;
			refType = 4;
		};
		D674D85F046339F9004402E6 = {
			fileEncoding = 30;
			isa = PBXFileReference;
			path = MD5Stream.hxx;
			refType = 4;
		};
		D674D860046339F9004402E6 = {
			fileEncoding = 30;
			isa = PBXFileReference;
			path = Mutex.cxx;
			refType = 4;
		};
		D674D861046339F9004402E6 = {
			fileEncoding = 30;
			isa = PBXFileReference;
			path = Mutex.hxx;
			refType = 4;
		};
		D674D862046339F9004402E6 = {
			fileEncoding = 30;
			isa = PBXFileReference;
			path = ParseBuffer.cxx;
			refType = 4;
		};
		D674D863046339F9004402E6 = {
			fileEncoding = 30;
			isa = PBXFileReference;
			path = ParseBuffer.hxx;
			refType = 4;
		};
		D674D864046339F9004402E6 = {
			fileEncoding = 30;
			isa = PBXFileReference;
			path = Random.cxx;
			refType = 4;
		};
		D674D865046339F9004402E6 = {
			fileEncoding = 30;
			isa = PBXFileReference;
			path = Random.hxx;
			refType = 4;
		};
		D674D868046339F9004402E6 = {
			fileEncoding = 30;
			isa = PBXFileReference;
			path = RecursiveMutex.cxx;
			refType = 4;
		};
		D674D869046339F9004402E6 = {
			fileEncoding = 30;
			isa = PBXFileReference;
			path = RecursiveMutex.hxx;
			refType = 4;
		};
		D674D86A046339F9004402E6 = {
			fileEncoding = 30;
			isa = PBXFileReference;
			path = RWMutex.cxx;
			refType = 4;
		};
		D674D86B046339F9004402E6 = {
			fileEncoding = 30;
			isa = PBXFileReference;
			path = RWMutex.hxx;
			refType = 4;
		};
		D674D86C046339F9004402E6 = {
			fileEncoding = 30;
			isa = PBXFileReference;
			path = Socket.cxx;
			refType = 4;
		};
		D674D86D046339F9004402E6 = {
			fileEncoding = 30;
			isa = PBXFileReference;
			path = Socket.hxx;
			refType = 4;
		};
		D674D86E046339F9004402E6 = {
			fileEncoding = 30;
			isa = PBXFileReference;
			path = Subsystem.cxx;
			refType = 4;
		};
		D674D86F046339F9004402E6 = {
			fileEncoding = 30;
			isa = PBXFileReference;
			path = Subsystem.hxx;
			refType = 4;
		};
		D674D870046339F9004402E6 = {
			fileEncoding = 30;
			isa = PBXFileReference;
			path = SysLogBuf.hxx;
			refType = 4;
		};
		D674D871046339F9004402E6 = {
			fileEncoding = 30;
			isa = PBXFileReference;
			path = SysLogStream.hxx;
			refType = 4;
		};
		D674D872046339F9004402E6 = {
			fileEncoding = 30;
			isa = PBXFileReference;
			path = ThreadIf.cxx;
			refType = 4;
		};
		D674D873046339F9004402E6 = {
			fileEncoding = 30;
			isa = PBXFileReference;
			path = ThreadIf.hxx;
			refType = 4;
		};
		D674D874046339F9004402E6 = {
			fileEncoding = 30;
			isa = PBXFileReference;
			path = Timer.cxx;
			refType = 4;
		};
		D674D875046339F9004402E6 = {
			fileEncoding = 30;
			isa = PBXFileReference;
			path = Timer.hxx;
			refType = 4;
		};
		D674D878046339F9004402E6 = {
			fileEncoding = 30;
			isa = PBXFileReference;
			path = vmd5.cxx;
			refType = 4;
		};
		D674D879046339F9004402E6 = {
			fileEncoding = 30;
			isa = PBXFileReference;
			path = vmd5.hxx;
			refType = 4;
		};
		D674D87A046339F9004402E6 = {
			fileEncoding = 30;
			isa = PBXFileReference;
			path = vthread.hxx;
			refType = 4;
		};
		D674D87B046339F9004402E6 = {
			fileEncoding = 30;
			isa = PBXFileReference;
			path = Parameter.cxx;
			refType = 4;
		};
		D674D87C046339F9004402E6 = {
			fileEncoding = 30;
			isa = PBXFileReference;
			path = Parameter.hxx;
			refType = 4;
		};
		D674D87D046339F9004402E6 = {
			fileEncoding = 30;
			isa = PBXFileReference;
			path = ParameterHash.cxx;
			refType = 4;
		};
		D674D87E046339F9004402E6 = {
			fileEncoding = 30;
			isa = PBXFileReference;
			path = ParameterHash.hxx;
			refType = 4;
		};
		D674D87F046339F9004402E6 = {
			fileEncoding = 30;
			isa = PBXFileReference;
			path = ParameterTypeEnums.hxx;
			refType = 4;
		};
		D674D880046339F9004402E6 = {
			fileEncoding = 30;
			isa = PBXFileReference;
			path = ParameterTypes.cxx;
			refType = 4;
		};
		D674D881046339F9004402E6 = {
			fileEncoding = 30;
			isa = PBXFileReference;
			path = ParameterTypes.hxx;
			refType = 4;
		};
		D674D882046339F9004402E6 = {
			fileEncoding = 30;
			isa = PBXFileReference;
			path = ParseException.hxx;
			refType = 4;
		};
		D674D883046339F9004402E6 = {
			fileEncoding = 30;
			isa = PBXFileReference;
			path = ParserCategories.cxx;
			refType = 4;
		};
		D674D884046339F9004402E6 = {
			fileEncoding = 30;
			isa = PBXFileReference;
			path = ParserCategories.hxx;
			refType = 4;
		};
		D674D885046339F9004402E6 = {
			fileEncoding = 30;
			isa = PBXFileReference;
			path = ParserCategory.cxx;
			refType = 4;
		};
		D674D886046339F9004402E6 = {
			fileEncoding = 30;
			isa = PBXFileReference;
			path = ParserCategory.hxx;
			refType = 4;
		};
		D674D887046339F9004402E6 = {
			fileEncoding = 30;
			isa = PBXFileReference;
			path = ParserContainer.hxx;
			refType = 4;
		};
		D674D888046339F9004402E6 = {
			fileEncoding = 30;
			isa = PBXFileReference;
			path = ParserContainerBase.hxx;
			refType = 4;
		};
		D674D889046339F9004402E6 = {
			fileEncoding = 30;
			isa = PBXFileReference;
			path = Pidf.cxx;
			refType = 4;
		};
		D674D88A046339F9004402E6 = {
			fileEncoding = 30;
			isa = PBXFileReference;
			path = Pidf.hxx;
			refType = 4;
		};
		D674D88B046339F9004402E6 = {
			fileEncoding = 30;
			isa = PBXFileReference;
			path = Pkcs7Contents.cxx;
			refType = 4;
		};
		D674D88C046339F9004402E6 = {
			fileEncoding = 30;
			isa = PBXFileReference;
			path = Pkcs7Contents.hxx;
			refType = 4;
		};
		D674D88D046339F9004402E6 = {
			fileEncoding = 30;
			isa = PBXFileReference;
			path = PlainContents.cxx;
			refType = 4;
		};
		D674D88E046339F9004402E6 = {
			fileEncoding = 30;
			isa = PBXFileReference;
			path = PlainContents.hxx;
			refType = 4;
		};
		D674D88F046339F9004402E6 = {
			fileEncoding = 30;
			isa = PBXFileReference;
			path = Preparse.cxx;
			refType = 4;
		};
		D674D890046339F9004402E6 = {
			fileEncoding = 30;
			isa = PBXFileReference;
			path = Preparse.hxx;
			refType = 4;
		};
		D674D891046339F9004402E6 = {
			fileEncoding = 30;
			isa = PBXFileReference;
			path = PreparseDiagnostic.cxx;
			refType = 4;
		};
		D674D893046339F9004402E6 = {
			fileEncoding = 30;
			isa = PBXFileReference;
			path = QopParameter.cxx;
			refType = 4;
		};
		D674D894046339F9004402E6 = {
			fileEncoding = 30;
			isa = PBXFileReference;
			path = QopParameter.hxx;
			refType = 4;
		};
		D674D895046339F9004402E6 = {
			fileEncoding = 30;
			isa = PBXFileReference;
			path = QuotedDataParameter.cxx;
			refType = 4;
		};
		D674D896046339F9004402E6 = {
			fileEncoding = 30;
			isa = PBXFileReference;
			path = QuotedDataParameter.hxx;
			refType = 4;
		};
		D674D897046339F9004402E6 = {
			fileEncoding = 30;
			isa = PBXFileReference;
			path = Registration.cxx;
			refType = 4;
		};
		D674D898046339F9004402E6 = {
			fileEncoding = 30;
			isa = PBXFileReference;
			path = Registration.hxx;
			refType = 4;
		};
		D674D899046339F9004402E6 = {
			fileEncoding = 30;
			isa = PBXFileReference;
			path = ReliabilityMessage.hxx;
			refType = 4;
		};
		D674D89A046339F9004402E6 = {
			fileEncoding = 30;
			isa = PBXFileReference;
			path = RportParameter.cxx;
			refType = 4;
		};
		D674D89B046339F9004402E6 = {
			fileEncoding = 30;
			isa = PBXFileReference;
			path = RportParameter.hxx;
			refType = 4;
		};
		D674D89C046339F9004402E6 = {
			fileEncoding = 30;
			isa = PBXFileReference;
			path = SdpContents.cxx;
			refType = 4;
		};
		D674D89D046339F9004402E6 = {
			fileEncoding = 30;
			isa = PBXFileReference;
			path = SdpContents.hxx;
			refType = 4;
		};
		D674D89E046339F9004402E6 = {
			fileEncoding = 30;
			isa = PBXFileReference;
			path = Security.cxx;
			refType = 4;
		};
		D674D89F046339F9004402E6 = {
			fileEncoding = 30;
			isa = PBXFileReference;
			path = Security.hxx;
			refType = 4;
		};
		D674D8A0046339F9004402E6 = {
			fileEncoding = 30;
			isa = PBXFileReference;
			path = SendingMessage.cxx;
			refType = 4;
		};
		D674D8A1046339F9004402E6 = {
			fileEncoding = 30;
			isa = PBXFileReference;
			path = SendingMessage.hxx;
			refType = 4;
		};
		D674D8A2046339F9004402E6 = {
			fileEncoding = 30;
			isa = PBXFileReference;
			path = SipFrag.cxx;
			refType = 4;
		};
		D674D8A3046339F9004402E6 = {
			fileEncoding = 30;
			isa = PBXFileReference;
			path = SipFrag.hxx;
			refType = 4;
		};
		D674D8A4046339F9004402E6 = {
			fileEncoding = 30;
			isa = PBXFileReference;
			path = SipMessage.cxx;
			refType = 4;
		};
		D674D8A5046339F9004402E6 = {
			fileEncoding = 30;
			isa = PBXFileReference;
			path = SipMessage.hxx;
			refType = 4;
		};
		D674D8A8046339F9004402E6 = {
			fileEncoding = 30;
			isa = PBXFileReference;
			path = SipSession.cxx;
			refType = 4;
		};
		D674D8A9046339F9004402E6 = {
			fileEncoding = 30;
			isa = PBXFileReference;
			path = SipSession.hxx;
			refType = 4;
		};
		D674D8AA046339F9004402E6 = {
			fileEncoding = 30;
			isa = PBXFileReference;
			path = SipStack.cxx;
			refType = 4;
		};
		D674D8AB046339F9004402E6 = {
			fileEncoding = 30;
			isa = PBXFileReference;
			path = SipStack.hxx;
			refType = 4;
		};
		D674D8AC046339F9004402E6 = {
			fileEncoding = 30;
			isa = PBXFileReference;
			path = Subscription.cxx;
			refType = 4;
		};
		D674D8AD046339F9004402E6 = {
			fileEncoding = 30;
			isa = PBXFileReference;
			path = Subscription.hxx;
			refType = 4;
		};
		D674D8AE046339F9004402E6 = {
			fileEncoding = 30;
			isa = PBXFileReference;
			path = supported.hxx;
			refType = 4;
		};
		D674D8AF046339F9004402E6 = {
			fileEncoding = 30;
			isa = PBXFileReference;
			path = Symbols.cxx;
			refType = 4;
		};
		D674D8B0046339F9004402E6 = {
			fileEncoding = 30;
			isa = PBXFileReference;
			path = Symbols.hxx;
			refType = 4;
		};
		D674D8B1046339F9004402E6 = {
			fileEncoding = 30;
			isa = PBXFileReference;
			path = TcpTransport.cxx;
			refType = 4;
		};
		D674D8B2046339F9004402E6 = {
			fileEncoding = 30;
			isa = PBXFileReference;
			path = TcpTransport.hxx;
			refType = 4;
		};
		D674D8B3046339F9004402E6 = {
			fileEncoding = 30;
			isa = PBXFileReference;
			path = TimerMessage.cxx;
			refType = 4;
		};
		D674D8B4046339F9004402E6 = {
			fileEncoding = 30;
			isa = PBXFileReference;
			path = TimerMessage.hxx;
			refType = 4;
		};
		D674D8B5046339F9004402E6 = {
			fileEncoding = 30;
			isa = PBXFileReference;
			path = TimerQueue.cxx;
			refType = 4;
		};
		D674D8B6046339F9004402E6 = {
			fileEncoding = 30;
			isa = PBXFileReference;
			path = TimerQueue.hxx;
			refType = 4;
		};
		D674D8B7046339F9004402E6 = {
			fileEncoding = 30;
			isa = PBXFileReference;
			path = TlsTransport.cxx;
			refType = 4;
		};
		D674D8B8046339F9004402E6 = {
			fileEncoding = 30;
			isa = PBXFileReference;
			path = TlsTransport.hxx;
			refType = 4;
		};
		D674D8B9046339F9004402E6 = {
			fileEncoding = 30;
			isa = PBXFileReference;
			path = TransactionMap.cxx;
			refType = 4;
		};
		D674D8BA046339F9004402E6 = {
			fileEncoding = 30;
			isa = PBXFileReference;
			path = TransactionMap.hxx;
			refType = 4;
		};
		D674D8BB046339F9004402E6 = {
			fileEncoding = 30;
			isa = PBXFileReference;
			path = TransactionState.cxx;
			refType = 4;
		};
		D674D8BC046339F9004402E6 = {
			fileEncoding = 30;
			isa = PBXFileReference;
			path = TransactionState.hxx;
			refType = 4;
		};
		D674D8BD046339F9004402E6 = {
			fileEncoding = 30;
			isa = PBXFileReference;
			path = TransactionTerminated.hxx;
			refType = 4;
		};
		D674D8BE046339F9004402E6 = {
			fileEncoding = 30;
			isa = PBXFileReference;
			path = Transport.cxx;
			refType = 4;
		};
		D674D8BF046339F9004402E6 = {
			fileEncoding = 30;
			isa = PBXFileReference;
			path = Transport.hxx;
			refType = 4;
		};
		D674D8C0046339F9004402E6 = {
			fileEncoding = 30;
			isa = PBXFileReference;
			path = TransportMessage.hxx;
			refType = 4;
		};
		D674D8C1046339F9004402E6 = {
			fileEncoding = 30;
			isa = PBXFileReference;
			path = TransportSelector.cxx;
			refType = 4;
		};
		D674D8C2046339F9004402E6 = {
			fileEncoding = 30;
			isa = PBXFileReference;
			path = TransportSelector.hxx;
			refType = 4;
		};
		D674D8C3046339F9004402E6 = {
			fileEncoding = 30;
			isa = PBXFileReference;
			path = TuIM.cxx;
			refType = 4;
		};
		D674D8C4046339F9004402E6 = {
			fileEncoding = 30;
			isa = PBXFileReference;
			path = TuIM.hxx;
			refType = 4;
		};
		D674D8C5046339F9004402E6 = {
			fileEncoding = 30;
			isa = PBXFileReference;
			path = TuShim.cxx;
			refType = 4;
		};
		D674D8C6046339F9004402E6 = {
			fileEncoding = 30;
			isa = PBXFileReference;
			path = TuShim.hxx;
			refType = 4;
		};
		D674D8C7046339F9004402E6 = {
			fileEncoding = 30;
			isa = PBXFileReference;
			path = TuUa.hxx;
			refType = 4;
		};
		D674D8C8046339F9004402E6 = {
			fileEncoding = 30;
			isa = PBXFileReference;
			path = UdpTransport.cxx;
			refType = 4;
		};
		D674D8C9046339F9004402E6 = {
			fileEncoding = 30;
			isa = PBXFileReference;
			path = UdpTransport.hxx;
			refType = 4;
		};
		D674D8CA046339F9004402E6 = {
			fileEncoding = 30;
			isa = PBXFileReference;
			path = UnknownHeaderType.cxx;
			refType = 4;
		};
		D674D8CB046339F9004402E6 = {
			fileEncoding = 30;
			isa = PBXFileReference;
			path = UnknownHeaderType.hxx;
			refType = 4;
		};
		D674D8CC046339F9004402E6 = {
			fileEncoding = 30;
			isa = PBXFileReference;
			path = UnknownParameter.cxx;
			refType = 4;
		};
		D674D8CD046339F9004402E6 = {
			fileEncoding = 30;
			isa = PBXFileReference;
			path = UnknownParameter.hxx;
			refType = 4;
		};
		D674D8CE046339F9004402E6 = {
			fileEncoding = 30;
			isa = PBXFileReference;
			path = UnknownParameterType.cxx;
			refType = 4;
		};
		D674D8CF046339F9004402E6 = {
			fileEncoding = 30;
			isa = PBXFileReference;
			path = UnknownParameterType.hxx;
			refType = 4;
		};
		D674D8D0046339F9004402E6 = {
			fileEncoding = 30;
			isa = PBXFileReference;
			path = Uri.cxx;
			refType = 4;
		};
		D674D8D1046339F9004402E6 = {
			fileEncoding = 30;
			isa = PBXFileReference;
			path = Uri.hxx;
			refType = 4;
		};
		D674D8D2046339F9004402E6 = {
			fileEncoding = 30;
			isa = PBXFileReference;
			path = XMLCursor.cxx;
			refType = 4;
		};
		D674D8D3046339F9004402E6 = {
			fileEncoding = 30;
			isa = PBXFileReference;
			path = XMLCursor.hxx;
			refType = 4;
		};
		D674D8D4046339F9004402E6 = {
			fileEncoding = 30;
			isa = PBXFileReference;
			path = XPidf.cxx;
			refType = 4;
		};
		D674D8D5046339F9004402E6 = {
			fileEncoding = 30;
			isa = PBXFileReference;
			path = XPidf.hxx;
			refType = 4;
		};
		D674D8D6046339F9004402E6 = {
			fileRef = D674D807046339F8004402E6;
			isa = PBXBuildFile;
			settings = {
			};
		};
		D674D8D7046339F9004402E6 = {
			fileRef = D674D808046339F8004402E6;
			isa = PBXBuildFile;
			settings = {
			};
		};
		D674D8D8046339F9004402E6 = {
			fileRef = D674D809046339F8004402E6;
			isa = PBXBuildFile;
			settings = {
			};
		};
		D674D8D9046339F9004402E6 = {
			fileRef = D674D80A046339F8004402E6;
			isa = PBXBuildFile;
			settings = {
			};
		};
		D674D8DA046339F9004402E6 = {
			fileRef = D674D80B046339F8004402E6;
			isa = PBXBuildFile;
			settings = {
			};
		};
		D674D8DB046339F9004402E6 = {
			fileRef = D674D80C046339F8004402E6;
			isa = PBXBuildFile;
			settings = {
			};
		};
		D674D8DC046339F9004402E6 = {
			fileRef = D674D80D046339F8004402E6;
			isa = PBXBuildFile;
			settings = {
			};
		};
		D674D8DD046339F9004402E6 = {
			fileRef = D674D80E046339F8004402E6;
			isa = PBXBuildFile;
			settings = {
			};
		};
		D674D8DE046339F9004402E6 = {
			fileRef = D674D80F046339F8004402E6;
			isa = PBXBuildFile;
			settings = {
			};
		};
		D674D8DF046339F9004402E6 = {
			fileRef = D674D810046339F8004402E6;
			isa = PBXBuildFile;
			settings = {
			};
		};
		D674D8E0046339F9004402E6 = {
			fileRef = D674D811046339F8004402E6;
			isa = PBXBuildFile;
			settings = {
			};
		};
		D674D8E1046339F9004402E6 = {
			fileRef = D674D812046339F8004402E6;
			isa = PBXBuildFile;
			settings = {
			};
		};
		D674D8E2046339F9004402E6 = {
			fileRef = D674D813046339F8004402E6;
			isa = PBXBuildFile;
			settings = {
			};
		};
		D674D8E3046339F9004402E6 = {
			fileRef = D674D814046339F8004402E6;
			isa = PBXBuildFile;
			settings = {
			};
		};
		D674D8E4046339F9004402E6 = {
			fileRef = D674D815046339F8004402E6;
			isa = PBXBuildFile;
			settings = {
			};
		};
		D674D8E5046339F9004402E6 = {
			fileRef = D674D816046339F8004402E6;
			isa = PBXBuildFile;
			settings = {
			};
		};
		D674D8E6046339F9004402E6 = {
			fileRef = D674D817046339F8004402E6;
			isa = PBXBuildFile;
			settings = {
			};
		};
		D674D8E7046339F9004402E6 = {
			fileRef = D674D818046339F8004402E6;
			isa = PBXBuildFile;
			settings = {
			};
		};
		D674D8E8046339F9004402E6 = {
			fileRef = D674D819046339F8004402E6;
			isa = PBXBuildFile;
			settings = {
			};
		};
		D674D8E9046339F9004402E6 = {
			fileRef = D674D81A046339F8004402E6;
			isa = PBXBuildFile;
			settings = {
			};
		};
		D674D8EA046339F9004402E6 = {
			fileRef = D674D81B046339F8004402E6;
			isa = PBXBuildFile;
			settings = {
			};
		};
		D674D8EB046339F9004402E6 = {
			fileRef = D674D81C046339F8004402E6;
			isa = PBXBuildFile;
			settings = {
			};
		};
		D674D8EC046339F9004402E6 = {
			fileRef = D674D81D046339F8004402E6;
			isa = PBXBuildFile;
			settings = {
			};
		};
		D674D8ED046339F9004402E6 = {
			fileRef = D674D81E046339F8004402E6;
			isa = PBXBuildFile;
			settings = {
			};
		};
		D674D8EE046339F9004402E6 = {
			fileRef = D674D81F046339F8004402E6;
			isa = PBXBuildFile;
			settings = {
			};
		};
		D674D8EF046339F9004402E6 = {
			fileRef = D674D820046339F8004402E6;
			isa = PBXBuildFile;
			settings = {
			};
		};
		D674D8F0046339F9004402E6 = {
			fileRef = D674D821046339F8004402E6;
			isa = PBXBuildFile;
			settings = {
			};
		};
		D674D8F1046339F9004402E6 = {
			fileRef = D674D822046339F8004402E6;
			isa = PBXBuildFile;
			settings = {
			};
		};
		D674D8F2046339F9004402E6 = {
			fileRef = D674D823046339F8004402E6;
			isa = PBXBuildFile;
			settings = {
			};
		};
		D674D8F3046339F9004402E6 = {
			fileRef = D674D824046339F8004402E6;
			isa = PBXBuildFile;
			settings = {
			};
		};
		D674D8F4046339F9004402E6 = {
			fileRef = D674D825046339F8004402E6;
			isa = PBXBuildFile;
			settings = {
			};
		};
		D674D8F5046339F9004402E6 = {
			fileRef = D674D826046339F8004402E6;
			isa = PBXBuildFile;
			settings = {
			};
		};
		D674D8F6046339F9004402E6 = {
			fileRef = D674D827046339F8004402E6;
			isa = PBXBuildFile;
			settings = {
			};
		};
		D674D8F8046339F9004402E6 = {
			fileRef = D674D829046339F9004402E6;
			isa = PBXBuildFile;
			settings = {
			};
		};
		D674D8F9046339F9004402E6 = {
			fileRef = D674D82A046339F9004402E6;
			isa = PBXBuildFile;
			settings = {
			};
		};
		D674D8FA046339F9004402E6 = {
			fileRef = D674D82B046339F9004402E6;
			isa = PBXBuildFile;
			settings = {
			};
		};
		D674D8FB046339F9004402E6 = {
			fileRef = D674D82C046339F9004402E6;
			isa = PBXBuildFile;
			settings = {
			};
		};
		D674D8FC046339F9004402E6 = {
			fileRef = D674D82D046339F9004402E6;
			isa = PBXBuildFile;
			settings = {
			};
		};
		D674D8FD046339F9004402E6 = {
			fileRef = D674D82E046339F9004402E6;
			isa = PBXBuildFile;
			settings = {
			};
		};
		D674D8FE046339F9004402E6 = {
			fileRef = D674D82F046339F9004402E6;
			isa = PBXBuildFile;
			settings = {
			};
		};
		D674D8FF046339F9004402E6 = {
			fileRef = D674D830046339F9004402E6;
			isa = PBXBuildFile;
			settings = {
			};
		};
		D674D900046339F9004402E6 = {
			fileRef = D674D831046339F9004402E6;
			isa = PBXBuildFile;
			settings = {
			};
		};
		D674D901046339F9004402E6 = {
			fileRef = D674D832046339F9004402E6;
			isa = PBXBuildFile;
			settings = {
			};
		};
		D674D902046339F9004402E6 = {
			fileRef = D674D833046339F9004402E6;
			isa = PBXBuildFile;
			settings = {
			};
		};
		D674D904046339F9004402E6 = {
			fileRef = D674D835046339F9004402E6;
			isa = PBXBuildFile;
			settings = {
			};
		};
		D674D905046339F9004402E6 = {
			fileRef = D674D836046339F9004402E6;
			isa = PBXBuildFile;
			settings = {
			};
		};
		D674D906046339F9004402E6 = {
			fileRef = D674D837046339F9004402E6;
			isa = PBXBuildFile;
			settings = {
			};
		};
		D674D907046339F9004402E6 = {
			fileRef = D674D838046339F9004402E6;
			isa = PBXBuildFile;
			settings = {
			};
		};
		D674D908046339F9004402E6 = {
			fileRef = D674D839046339F9004402E6;
			isa = PBXBuildFile;
			settings = {
			};
		};
		D674D909046339F9004402E6 = {
			fileRef = D674D83A046339F9004402E6;
			isa = PBXBuildFile;
			settings = {
			};
		};
		D674D90A046339F9004402E6 = {
			fileRef = D674D83B046339F9004402E6;
			isa = PBXBuildFile;
			settings = {
			};
		};
		D674D90B046339F9004402E6 = {
			fileRef = D674D83C046339F9004402E6;
			isa = PBXBuildFile;
			settings = {
			};
		};
		D674D90D046339F9004402E6 = {
			fileRef = D674D83E046339F9004402E6;
			isa = PBXBuildFile;
			settings = {
			};
		};
		D674D90E046339F9004402E6 = {
			fileRef = D674D83F046339F9004402E6;
			isa = PBXBuildFile;
			settings = {
			};
		};
		D674D90F046339F9004402E6 = {
			fileRef = D674D840046339F9004402E6;
			isa = PBXBuildFile;
			settings = {
			};
		};
		D674D910046339F9004402E6 = {
			fileRef = D674D841046339F9004402E6;
			isa = PBXBuildFile;
			settings = {
			};
		};
		D674D911046339F9004402E6 = {
			fileRef = D674D842046339F9004402E6;
			isa = PBXBuildFile;
			settings = {
			};
		};
		D674D913046339F9004402E6 = {
			fileRef = D674D845046339F9004402E6;
			isa = PBXBuildFile;
			settings = {
			};
		};
		D674D914046339F9004402E6 = {
			fileRef = D674D846046339F9004402E6;
			isa = PBXBuildFile;
			settings = {
			};
		};
		D674D915046339F9004402E6 = {
			fileRef = D674D847046339F9004402E6;
			isa = PBXBuildFile;
			settings = {
			};
		};
		D674D916046339F9004402E6 = {
			fileRef = D674D848046339F9004402E6;
			isa = PBXBuildFile;
			settings = {
			};
		};
		D674D917046339F9004402E6 = {
			fileRef = D674D849046339F9004402E6;
			isa = PBXBuildFile;
			settings = {
			};
		};
		D674D918046339F9004402E6 = {
			fileRef = D674D84A046339F9004402E6;
			isa = PBXBuildFile;
			settings = {
			};
		};
		D674D919046339F9004402E6 = {
			fileRef = D674D84B046339F9004402E6;
			isa = PBXBuildFile;
			settings = {
			};
		};
		D674D91A046339F9004402E6 = {
			fileRef = D674D84C046339F9004402E6;
			isa = PBXBuildFile;
			settings = {
			};
		};
		D674D91B046339F9004402E6 = {
			fileRef = D674D84D046339F9004402E6;
			isa = PBXBuildFile;
			settings = {
			};
		};
		D674D91C046339F9004402E6 = {
			fileRef = D674D84E046339F9004402E6;
			isa = PBXBuildFile;
			settings = {
			};
		};
		D674D91D046339F9004402E6 = {
			fileRef = D674D84F046339F9004402E6;
			isa = PBXBuildFile;
			settings = {
			};
		};
		D674D91E046339F9004402E6 = {
			fileRef = D674D850046339F9004402E6;
			isa = PBXBuildFile;
			settings = {
			};
		};
		D674D91F046339F9004402E6 = {
			fileRef = D674D851046339F9004402E6;
			isa = PBXBuildFile;
			settings = {
			};
		};
		D674D920046339F9004402E6 = {
			fileRef = D674D852046339F9004402E6;
			isa = PBXBuildFile;
			settings = {
			};
		};
		D674D921046339F9004402E6 = {
			fileRef = D674D853046339F9004402E6;
			isa = PBXBuildFile;
			settings = {
			};
		};
		D674D923046339F9004402E6 = {
			fileRef = D674D855046339F9004402E6;
			isa = PBXBuildFile;
			settings = {
			};
		};
		D674D924046339F9004402E6 = {
			fileRef = D674D856046339F9004402E6;
			isa = PBXBuildFile;
			settings = {
			};
		};
		D674D925046339F9004402E6 = {
			fileRef = D674D857046339F9004402E6;
			isa = PBXBuildFile;
			settings = {
			};
		};
		D674D926046339F9004402E6 = {
			fileRef = D674D858046339F9004402E6;
			isa = PBXBuildFile;
			settings = {
			};
		};
		D674D927046339F9004402E6 = {
			fileRef = D674D859046339F9004402E6;
			isa = PBXBuildFile;
			settings = {
			};
		};
		D674D928046339F9004402E6 = {
			fileRef = D674D85A046339F9004402E6;
			isa = PBXBuildFile;
			settings = {
			};
		};
		D674D929046339F9004402E6 = {
			fileRef = D674D85B046339F9004402E6;
			isa = PBXBuildFile;
			settings = {
			};
		};
		D674D92A046339F9004402E6 = {
			fileRef = D674D85C046339F9004402E6;
			isa = PBXBuildFile;
			settings = {
			};
		};
		D674D92B046339F9004402E6 = {
			fileRef = D674D85D046339F9004402E6;
			isa = PBXBuildFile;
			settings = {
			};
		};
		D674D92C046339F9004402E6 = {
			fileRef = D674D85E046339F9004402E6;
			isa = PBXBuildFile;
			settings = {
			};
		};
		D674D92D046339F9004402E6 = {
			fileRef = D674D85F046339F9004402E6;
			isa = PBXBuildFile;
			settings = {
			};
		};
		D674D92E046339F9004402E6 = {
			fileRef = D674D860046339F9004402E6;
			isa = PBXBuildFile;
			settings = {
			};
		};
		D674D92F046339F9004402E6 = {
			fileRef = D674D861046339F9004402E6;
			isa = PBXBuildFile;
			settings = {
			};
		};
		D674D930046339F9004402E6 = {
			fileRef = D674D862046339F9004402E6;
			isa = PBXBuildFile;
			settings = {
			};
		};
		D674D931046339F9004402E6 = {
			fileRef = D674D863046339F9004402E6;
			isa = PBXBuildFile;
			settings = {
			};
		};
		D674D932046339F9004402E6 = {
			fileRef = D674D864046339F9004402E6;
			isa = PBXBuildFile;
			settings = {
			};
		};
		D674D933046339F9004402E6 = {
			fileRef = D674D865046339F9004402E6;
			isa = PBXBuildFile;
			settings = {
			};
		};
		D674D936046339F9004402E6 = {
			fileRef = D674D868046339F9004402E6;
			isa = PBXBuildFile;
			settings = {
			};
		};
		D674D937046339F9004402E6 = {
			fileRef = D674D869046339F9004402E6;
			isa = PBXBuildFile;
			settings = {
			};
		};
		D674D938046339F9004402E6 = {
			fileRef = D674D86A046339F9004402E6;
			isa = PBXBuildFile;
			settings = {
			};
		};
		D674D939046339F9004402E6 = {
			fileRef = D674D86B046339F9004402E6;
			isa = PBXBuildFile;
			settings = {
			};
		};
		D674D93A046339F9004402E6 = {
			fileRef = D674D86C046339F9004402E6;
			isa = PBXBuildFile;
			settings = {
			};
		};
		D674D93B046339F9004402E6 = {
			fileRef = D674D86D046339F9004402E6;
			isa = PBXBuildFile;
			settings = {
			};
		};
		D674D93C046339F9004402E6 = {
			fileRef = D674D86E046339F9004402E6;
			isa = PBXBuildFile;
			settings = {
			};
		};
		D674D93D046339F9004402E6 = {
			fileRef = D674D86F046339F9004402E6;
			isa = PBXBuildFile;
			settings = {
			};
		};
		D674D93E046339F9004402E6 = {
			fileRef = D674D870046339F9004402E6;
			isa = PBXBuildFile;
			settings = {
			};
		};
		D674D93F046339F9004402E6 = {
			fileRef = D674D871046339F9004402E6;
			isa = PBXBuildFile;
			settings = {
			};
		};
		D674D940046339F9004402E6 = {
			fileRef = D674D872046339F9004402E6;
			isa = PBXBuildFile;
			settings = {
			};
		};
		D674D941046339F9004402E6 = {
			fileRef = D674D873046339F9004402E6;
			isa = PBXBuildFile;
			settings = {
			};
		};
		D674D942046339F9004402E6 = {
			fileRef = D674D874046339F9004402E6;
			isa = PBXBuildFile;
			settings = {
			};
		};
		D674D943046339F9004402E6 = {
			fileRef = D674D875046339F9004402E6;
			isa = PBXBuildFile;
			settings = {
			};
		};
		D674D946046339F9004402E6 = {
			fileRef = D674D878046339F9004402E6;
			isa = PBXBuildFile;
			settings = {
			};
		};
		D674D947046339F9004402E6 = {
			fileRef = D674D879046339F9004402E6;
			isa = PBXBuildFile;
			settings = {
			};
		};
		D674D948046339F9004402E6 = {
			fileRef = D674D87A046339F9004402E6;
			isa = PBXBuildFile;
			settings = {
			};
		};
		D674D949046339F9004402E6 = {
			fileRef = D674D87B046339F9004402E6;
			isa = PBXBuildFile;
			settings = {
			};
		};
		D674D94A046339F9004402E6 = {
			fileRef = D674D87C046339F9004402E6;
			isa = PBXBuildFile;
			settings = {
			};
		};
		D674D94B046339F9004402E6 = {
			fileRef = D674D87D046339F9004402E6;
			isa = PBXBuildFile;
			settings = {
			};
		};
		D674D94C046339F9004402E6 = {
			fileRef = D674D87E046339F9004402E6;
			isa = PBXBuildFile;
			settings = {
			};
		};
		D674D94D046339F9004402E6 = {
			fileRef = D674D87F046339F9004402E6;
			isa = PBXBuildFile;
			settings = {
			};
		};
		D674D94E046339F9004402E6 = {
			fileRef = D674D880046339F9004402E6;
			isa = PBXBuildFile;
			settings = {
			};
		};
		D674D94F046339F9004402E6 = {
			fileRef = D674D881046339F9004402E6;
			isa = PBXBuildFile;
			settings = {
			};
		};
		D674D950046339F9004402E6 = {
			fileRef = D674D882046339F9004402E6;
			isa = PBXBuildFile;
			settings = {
			};
		};
		D674D951046339F9004402E6 = {
			fileRef = D674D883046339F9004402E6;
			isa = PBXBuildFile;
			settings = {
			};
		};
		D674D952046339F9004402E6 = {
			fileRef = D674D884046339F9004402E6;
			isa = PBXBuildFile;
			settings = {
			};
		};
		D674D953046339F9004402E6 = {
			fileRef = D674D885046339F9004402E6;
			isa = PBXBuildFile;
			settings = {
			};
		};
		D674D954046339F9004402E6 = {
			fileRef = D674D886046339F9004402E6;
			isa = PBXBuildFile;
			settings = {
			};
		};
		D674D955046339F9004402E6 = {
			fileRef = D674D887046339F9004402E6;
			isa = PBXBuildFile;
			settings = {
			};
		};
		D674D956046339F9004402E6 = {
			fileRef = D674D888046339F9004402E6;
			isa = PBXBuildFile;
			settings = {
			};
		};
		D674D957046339F9004402E6 = {
			fileRef = D674D889046339F9004402E6;
			isa = PBXBuildFile;
			settings = {
			};
		};
		D674D958046339F9004402E6 = {
			fileRef = D674D88A046339F9004402E6;
			isa = PBXBuildFile;
			settings = {
			};
		};
		D674D959046339F9004402E6 = {
			fileRef = D674D88B046339F9004402E6;
			isa = PBXBuildFile;
			settings = {
			};
		};
		D674D95A046339F9004402E6 = {
			fileRef = D674D88C046339F9004402E6;
			isa = PBXBuildFile;
			settings = {
			};
		};
		D674D95B046339F9004402E6 = {
			fileRef = D674D88D046339F9004402E6;
			isa = PBXBuildFile;
			settings = {
			};
		};
		D674D95C046339F9004402E6 = {
			fileRef = D674D88E046339F9004402E6;
			isa = PBXBuildFile;
			settings = {
			};
		};
		D674D95D046339F9004402E6 = {
			fileRef = D674D88F046339F9004402E6;
			isa = PBXBuildFile;
			settings = {
			};
		};
		D674D95E046339F9004402E6 = {
			fileRef = D674D890046339F9004402E6;
			isa = PBXBuildFile;
			settings = {
			};
		};
		D674D95F046339F9004402E6 = {
			fileRef = D674D891046339F9004402E6;
			isa = PBXBuildFile;
			settings = {
			};
		};
		D674D961046339F9004402E6 = {
			fileRef = D674D893046339F9004402E6;
			isa = PBXBuildFile;
			settings = {
			};
		};
		D674D962046339F9004402E6 = {
			fileRef = D674D894046339F9004402E6;
			isa = PBXBuildFile;
			settings = {
			};
		};
		D674D963046339F9004402E6 = {
			fileRef = D674D895046339F9004402E6;
			isa = PBXBuildFile;
			settings = {
			};
		};
		D674D964046339F9004402E6 = {
			fileRef = D674D896046339F9004402E6;
			isa = PBXBuildFile;
			settings = {
			};
		};
		D674D965046339F9004402E6 = {
			fileRef = D674D897046339F9004402E6;
			isa = PBXBuildFile;
			settings = {
			};
		};
		D674D966046339F9004402E6 = {
			fileRef = D674D898046339F9004402E6;
			isa = PBXBuildFile;
			settings = {
			};
		};
		D674D967046339F9004402E6 = {
			fileRef = D674D899046339F9004402E6;
			isa = PBXBuildFile;
			settings = {
			};
		};
		D674D968046339F9004402E6 = {
			fileRef = D674D89A046339F9004402E6;
			isa = PBXBuildFile;
			settings = {
			};
		};
		D674D969046339F9004402E6 = {
			fileRef = D674D89B046339F9004402E6;
			isa = PBXBuildFile;
			settings = {
			};
		};
		D674D96A046339F9004402E6 = {
			fileRef = D674D89C046339F9004402E6;
			isa = PBXBuildFile;
			settings = {
			};
		};
		D674D96B046339F9004402E6 = {
			fileRef = D674D89D046339F9004402E6;
			isa = PBXBuildFile;
			settings = {
			};
		};
		D674D96C046339F9004402E6 = {
			fileRef = D674D89E046339F9004402E6;
			isa = PBXBuildFile;
			settings = {
			};
		};
		D674D96D046339F9004402E6 = {
			fileRef = D674D89F046339F9004402E6;
			isa = PBXBuildFile;
			settings = {
			};
		};
		D674D96E046339F9004402E6 = {
			fileRef = D674D8A0046339F9004402E6;
			isa = PBXBuildFile;
			settings = {
			};
		};
		D674D96F046339F9004402E6 = {
			fileRef = D674D8A1046339F9004402E6;
			isa = PBXBuildFile;
			settings = {
			};
		};
		D674D970046339F9004402E6 = {
			fileRef = D674D8A2046339F9004402E6;
			isa = PBXBuildFile;
			settings = {
			};
		};
		D674D971046339F9004402E6 = {
			fileRef = D674D8A3046339F9004402E6;
			isa = PBXBuildFile;
			settings = {
			};
		};
		D674D972046339F9004402E6 = {
			fileRef = D674D8A4046339F9004402E6;
			isa = PBXBuildFile;
			settings = {
			};
		};
		D674D973046339F9004402E6 = {
			fileRef = D674D8A5046339F9004402E6;
			isa = PBXBuildFile;
			settings = {
			};
		};
		D674D976046339F9004402E6 = {
			fileRef = D674D8A8046339F9004402E6;
			isa = PBXBuildFile;
			settings = {
			};
		};
		D674D977046339F9004402E6 = {
			fileRef = D674D8A9046339F9004402E6;
			isa = PBXBuildFile;
			settings = {
			};
		};
		D674D978046339F9004402E6 = {
			fileRef = D674D8AA046339F9004402E6;
			isa = PBXBuildFile;
			settings = {
			};
		};
		D674D979046339F9004402E6 = {
			fileRef = D674D8AB046339F9004402E6;
			isa = PBXBuildFile;
			settings = {
			};
		};
		D674D97A046339F9004402E6 = {
			fileRef = D674D8AC046339F9004402E6;
			isa = PBXBuildFile;
			settings = {
			};
		};
		D674D97B046339F9004402E6 = {
			fileRef = D674D8AD046339F9004402E6;
			isa = PBXBuildFile;
			settings = {
			};
		};
		D674D97C046339F9004402E6 = {
			fileRef = D674D8AE046339F9004402E6;
			isa = PBXBuildFile;
			settings = {
			};
		};
		D674D97D046339F9004402E6 = {
			fileRef = D674D8AF046339F9004402E6;
			isa = PBXBuildFile;
			settings = {
			};
		};
		D674D97E046339F9004402E6 = {
			fileRef = D674D8B0046339F9004402E6;
			isa = PBXBuildFile;
			settings = {
			};
		};
		D674D97F046339F9004402E6 = {
			fileRef = D674D8B1046339F9004402E6;
			isa = PBXBuildFile;
			settings = {
			};
		};
		D674D980046339F9004402E6 = {
			fileRef = D674D8B2046339F9004402E6;
			isa = PBXBuildFile;
			settings = {
			};
		};
		D674D981046339F9004402E6 = {
			fileRef = D674D8B3046339F9004402E6;
			isa = PBXBuildFile;
			settings = {
			};
		};
		D674D982046339F9004402E6 = {
			fileRef = D674D8B4046339F9004402E6;
			isa = PBXBuildFile;
			settings = {
			};
		};
		D674D983046339F9004402E6 = {
			fileRef = D674D8B5046339F9004402E6;
			isa = PBXBuildFile;
			settings = {
			};
		};
		D674D984046339F9004402E6 = {
			fileRef = D674D8B6046339F9004402E6;
			isa = PBXBuildFile;
			settings = {
			};
		};
		D674D985046339F9004402E6 = {
			fileRef = D674D8B7046339F9004402E6;
			isa = PBXBuildFile;
			settings = {
			};
		};
		D674D986046339F9004402E6 = {
			fileRef = D674D8B8046339F9004402E6;
			isa = PBXBuildFile;
			settings = {
			};
		};
		D674D987046339F9004402E6 = {
			fileRef = D674D8B9046339F9004402E6;
			isa = PBXBuildFile;
			settings = {
			};
		};
		D674D988046339F9004402E6 = {
			fileRef = D674D8BA046339F9004402E6;
			isa = PBXBuildFile;
			settings = {
			};
		};
		D674D989046339F9004402E6 = {
			fileRef = D674D8BB046339F9004402E6;
			isa = PBXBuildFile;
			settings = {
			};
		};
		D674D98A046339F9004402E6 = {
			fileRef = D674D8BC046339F9004402E6;
			isa = PBXBuildFile;
			settings = {
			};
		};
		D674D98B046339F9004402E6 = {
			fileRef = D674D8BD046339F9004402E6;
			isa = PBXBuildFile;
			settings = {
			};
		};
		D674D98C046339F9004402E6 = {
			fileRef = D674D8BE046339F9004402E6;
			isa = PBXBuildFile;
			settings = {
			};
		};
		D674D98D046339F9004402E6 = {
			fileRef = D674D8BF046339F9004402E6;
			isa = PBXBuildFile;
			settings = {
			};
		};
		D674D98E046339F9004402E6 = {
			fileRef = D674D8C0046339F9004402E6;
			isa = PBXBuildFile;
			settings = {
			};
		};
		D674D98F046339F9004402E6 = {
			fileRef = D674D8C1046339F9004402E6;
			isa = PBXBuildFile;
			settings = {
			};
		};
		D674D990046339F9004402E6 = {
			fileRef = D674D8C2046339F9004402E6;
			isa = PBXBuildFile;
			settings = {
			};
		};
		D674D991046339F9004402E6 = {
			fileRef = D674D8C3046339F9004402E6;
			isa = PBXBuildFile;
			settings = {
			};
		};
		D674D992046339F9004402E6 = {
			fileRef = D674D8C4046339F9004402E6;
			isa = PBXBuildFile;
			settings = {
			};
		};
		D674D995046339F9004402E6 = {
			fileRef = D674D8C7046339F9004402E6;
			isa = PBXBuildFile;
			settings = {
			};
		};
		D674D996046339F9004402E6 = {
			fileRef = D674D8C8046339F9004402E6;
			isa = PBXBuildFile;
			settings = {
			};
		};
		D674D997046339F9004402E6 = {
			fileRef = D674D8C9046339F9004402E6;
			isa = PBXBuildFile;
			settings = {
			};
		};
		D674D998046339F9004402E6 = {
			fileRef = D674D8CA046339F9004402E6;
			isa = PBXBuildFile;
			settings = {
			};
		};
		D674D999046339F9004402E6 = {
			fileRef = D674D8CB046339F9004402E6;
			isa = PBXBuildFile;
			settings = {
			};
		};
		D674D99A046339F9004402E6 = {
			fileRef = D674D8CC046339F9004402E6;
			isa = PBXBuildFile;
			settings = {
			};
		};
		D674D99B046339F9004402E6 = {
			fileRef = D674D8CD046339F9004402E6;
			isa = PBXBuildFile;
			settings = {
			};
		};
		D674D99C046339F9004402E6 = {
			fileRef = D674D8CE046339F9004402E6;
			isa = PBXBuildFile;
			settings = {
			};
		};
		D674D99D046339F9004402E6 = {
			fileRef = D674D8CF046339F9004402E6;
			isa = PBXBuildFile;
			settings = {
			};
		};
		D674D99E046339F9004402E6 = {
			fileRef = D674D8D0046339F9004402E6;
			isa = PBXBuildFile;
			settings = {
			};
		};
		D674D99F046339F9004402E6 = {
			fileRef = D674D8D1046339F9004402E6;
			isa = PBXBuildFile;
			settings = {
			};
		};
		D674D9A0046339F9004402E6 = {
			fileRef = D674D8D2046339F9004402E6;
			isa = PBXBuildFile;
			settings = {
			};
		};
		D674D9A1046339F9004402E6 = {
			fileRef = D674D8D3046339F9004402E6;
			isa = PBXBuildFile;
			settings = {
			};
		};
		D674D9A404633D90004402E6 = {
			fileEncoding = 30;
			isa = PBXFileReference;
			path = MultipartMixedContents.cxx;
			refType = 4;
		};
		D674D9A504633D90004402E6 = {
			fileRef = D674D9A404633D90004402E6;
			isa = PBXBuildFile;
			settings = {
			};
		};
		D674D9A60463409D004402E6 = {
			fileEncoding = 4;
			isa = PBXFileReference;
			path = libSipImp.h;
			refType = 4;
		};
		D674D9A80463409D004402E6 = {
			fileRef = D674D9A60463409D004402E6;
			isa = PBXBuildFile;
			settings = {
				ATTRIBUTES = (
					Public,
					Private,
				);
			};
		};
		D68E8DDF04787C2E00DF3BC7 = {
			fileEncoding = 30;
			isa = PBXFileReference;
			path = libSipImp.cxx;
			refType = 4;
		};
		D68E8DE004787C2E00DF3BC7 = {
			fileRef = D68E8DDF04787C2E00DF3BC7;
			isa = PBXBuildFile;
			settings = {
			};
		};
	};
	rootObject = 0867D690FE84028FC02AAC07;
}
